PODS:
  - AFNetworking (2.6.3):
    - AFNetworking/NSURLConnection (= 2.6.3)
    - AFNetworking/NSURLSession (= 2.6.3)
    - AFNetworking/Reachability (= 2.6.3)
    - AFNetworking/Security (= 2.6.3)
    - AFNetworking/Serialization (= 2.6.3)
    - AFNetworking/UIKit (= 2.6.3)
  - AFNetworking/NSURLConnection (2.6.3):
    - AFNetworking/Reachability
    - AFNetworking/Security
    - AFNetworking/Serialization
  - AFNetworking/NSURLSession (2.6.3):
    - AFNetworking/Reachability
    - AFNetworking/Security
    - AFNetworking/Serialization
  - AFNetworking/Reachability (2.6.3)
  - AFNetworking/Security (2.6.3)
  - AFNetworking/Serialization (2.6.3)
  - AFNetworking/UIKit (2.6.3):
    - AFNetworking/NSURLConnection
    - AFNetworking/NSURLSession
  - Balizinha (0.2.0):
    - AFNetworking (~> 2.3)
    - FirebaseCommunity/Auth
    - FirebaseCommunity/Core
    - FirebaseCommunity/Database
    - FirebaseCommunity/Storage
    - RxCocoa
    - RxOptional
    - RxSwift
  - Batch (1.12.0)
  - Bolts (1.9.0):
    - Bolts/AppLinks (= 1.9.0)
    - Bolts/Tasks (= 1.9.0)
  - Bolts/AppLinks (1.9.0):
    - Bolts/Tasks
  - Bolts/Tasks (1.9.0)
  - Crashlytics (3.10.5):
    - Fabric (~> 1.7.9)
  - DateTools (2.0.0)
  - Fabric (1.7.9)
  - FBSDKCoreKit (4.35.0):
    - Bolts (~> 1.7)
  - FBSDKLoginKit (4.35.0):
    - FBSDKCoreKit
  - FBSDKShareKit (4.35.0):
    - FBSDKCoreKit (~> 4.35.0)
  - FirebaseCommunity/Auth (0.1.6):
    - FirebaseCommunity/Core
    - "GoogleToolboxForMac/NSDictionary+URLArguments (~> 2.1)"
    - GTMSessionFetcher/Core (~> 1.1)
  - FirebaseCommunity/Core (0.1.6):
    - FirebaseCommunity/Root
    - "GoogleToolboxForMac/NSData+zlib (~> 2.1)"
  - FirebaseCommunity/Database (0.1.6):
    - FirebaseCommunity/Core
    - leveldb-library
  - FirebaseCommunity/Messaging (0.1.6):
    - FirebaseCommunity/Core
    - GoogleToolboxForMac/Logger (~> 2.1)
    - Protobuf (~> 3.1)
  - FirebaseCommunity/Root (0.1.6)
  - FirebaseCommunity/Storage (0.1.6):
    - FirebaseCommunity/Core
    - GTMSessionFetcher/Core (~> 1.1)
  - GoogleToolboxForMac/DebugUtils (2.1.4):
    - GoogleToolboxForMac/Defines (= 2.1.4)
  - GoogleToolboxForMac/Defines (2.1.4)
  - GoogleToolboxForMac/Logger (2.1.4):
    - GoogleToolboxForMac/Defines (= 2.1.4)
  - "GoogleToolboxForMac/NSData+zlib (2.1.4)":
    - GoogleToolboxForMac/Defines (= 2.1.4)
  - "GoogleToolboxForMac/NSDictionary+URLArguments (2.1.4)":
    - GoogleToolboxForMac/DebugUtils (= 2.1.4)
    - GoogleToolboxForMac/Defines (= 2.1.4)
    - "GoogleToolboxForMac/NSString+URLArguments (= 2.1.4)"
  - "GoogleToolboxForMac/NSString+URLArguments (2.1.4)"
  - GTMSessionFetcher/Core (1.2.0)
  - leveldb-library (1.20)
  - Protobuf (3.6.0)
  - RxCocoa (4.2.0):
    - RxSwift (~> 4.0)
  - RxOptional (3.5.0):
    - RxCocoa (~> 4.0)
    - RxSwift (~> 4.0)
  - RxSwift (4.2.0)
  - Stripe (13.1.0)

DEPENDENCIES:
  - Balizinha (from `https://bitbucket.org/renderapps/balizinha-pod`, tag `0.2.0`)
  - Batch
  - Crashlytics
  - DateTools
  - Fabric
  - FBSDKCoreKit
  - FBSDKLoginKit
  - FBSDKShareKit
  - FirebaseCommunity/Messaging
  - RxCocoa
  - RxOptional
  - RxSwift
  - Stripe

SPEC REPOS:
  https://github.com/CocoaPods/Specs.git:
    - AFNetworking
    - Batch
    - Bolts
    - Crashlytics
    - DateTools
    - Fabric
    - FBSDKCoreKit
    - FBSDKLoginKit
    - FBSDKShareKit
    - FirebaseCommunity
    - GoogleToolboxForMac
    - GTMSessionFetcher
    - leveldb-library
    - Protobuf
    - RxCocoa
    - RxOptional
    - RxSwift
    - Stripe

EXTERNAL SOURCES:
  Balizinha:
    :git: https://bitbucket.org/renderapps/balizinha-pod
    :tag: 0.2.0

CHECKOUT OPTIONS:
  Balizinha:
    :git: https://bitbucket.org/renderapps/balizinha-pod
    :tag: 0.2.0

SPEC CHECKSUMS:
  AFNetworking: cb8d14a848e831097108418f5d49217339d4eb60
  Balizinha: ffb458c157d8fd8c3d0fbe9dc4ade72542ca7747
  Batch: d4b91855895b87331af1251bef47d09c3fe4dcaf
  Bolts: ac6567323eac61e203f6a9763667d0f711be34c8
  Crashlytics: 7f2e38d302d9da96475b3d64d86fb29e31a542b7
  DateTools: 933ac9c490f21f92127cf690ccd8c397e0126caf
  Fabric: a2917d3895e4c1569b9c3170de7320ea1b1e6661
  FBSDKCoreKit: 1a5b2e3ceb5ca827a53c54aa5f4a3480efff80d2
  FBSDKLoginKit: 00a3d65d1226852f9d76dcddff01981e5e6d9c38
  FBSDKShareKit: 2ddbd7e6432023fff957af62e23a3671b84319f7
  FirebaseCommunity: 1f9a0e48654316b4ffe4c830db0ce72b9e2d2c9d
  GoogleToolboxForMac: 91c824d21e85b31c2aae9bb011c5027c9b4e738f
  GTMSessionFetcher: 0c4baf0a73acd0041bf9f71ea018deedab5ea84e
  leveldb-library: 08cba283675b7ed2d99629a4bc5fd052cd2bb6a5
  Protobuf: 0fc0ad8bec688b2a3017a139953e01374fedbd5f
  RxCocoa: 0b54909c902e1e581212a03e690bbd94032d8baa
  RxOptional: bd32ff8ca9df4177683d56ffeb618a9d4d5d5cad
  RxSwift: 99e10317ddfcc7fbe01356aafd118fde4a0be104
  Stripe: 4f043bb840721b1f30492fa77790bbf9e3508ab0

PODFILE CHECKSUM: e2b147415d8fac5e15fd607197cfb1c2f76271d2

COCOAPODS: 1.5.0
