// !$*UTF8*$!
{
	archiveVersion = 1;
	classes = {
	};
	objectVersion = 46;
	objects = {

/* Begin PBXBuildFile section */
		8E04ECFA205E19650010A649 /* LocationService.swift in Sources */ = {isa = PBXBuildFile; fileRef = 8EDFB1B91E3D3F00006DD187 /* LocationService.swift */; };
		8E04ECFD205E19650010A649 /* NotificationService.swift in Sources */ = {isa = PBXBuildFile; fileRef = 8E39FE8D1D237C710030CB96 /* NotificationService.swift */; };
		8E04ECFF205E19650010A649 /* ChatService.swift in Sources */ = {isa = PBXBuildFile; fileRef = C6FDE5C320431ECB00FE0C76 /* ChatService.swift */; };
		8E04ED00205E19650010A649 /* RemoteDataService.swift in Sources */ = {isa = PBXBuildFile; fileRef = 8EDA009B1F6597060080F446 /* RemoteDataService.swift */; };
		8E04ED01205E19650010A649 /* LoggingService.swift in Sources */ = {isa = PBXBuildFile; fileRef = 8EDA009D1F6597BC0080F446 /* LoggingService.swift */; };
		8E04ED02205E19650010A649 /* SettingsService.swift in Sources */ = {isa = PBXBuildFile; fileRef = 8E116D551F7209C40067B6F5 /* SettingsService.swift */; };
		8E04ED03205E19650010A649 /* StripeService.swift in Sources */ = {isa = PBXBuildFile; fileRef = 8E116D571F74A66C0067B6F5 /* StripeService.swift */; };
		8E04ED05205E19650010A649 /* OrganizerService.swift in Sources */ = {isa = PBXBuildFile; fileRef = 8E7A2FF71F8313C6004EAE6A /* OrganizerService.swift */; };
		8E04ED06205E19650010A649 /* PromotionService.swift in Sources */ = {isa = PBXBuildFile; fileRef = 8E7A2FFF1F833969004EAE6A /* PromotionService.swift */; };
		8E04ED07205E19650010A649 /* ShareService.swift in Sources */ = {isa = PBXBuildFile; fileRef = 8EDD13E81FEB78C10039F1A7 /* ShareService.swift */; };
		8E04ED08205E19650010A649 /* DeepLinkService.swift in Sources */ = {isa = PBXBuildFile; fileRef = 8E16A59D1FECB34400D24D69 /* DeepLinkService.swift */; };
		8E0F5685201598CD001E8909 /* OrganizerCell.swift in Sources */ = {isa = PBXBuildFile; fileRef = 8E0F5684201598CD001E8909 /* OrganizerCell.swift */; };
		8E0F568720159931001E8909 /* OrganizerCellViewModel.swift in Sources */ = {isa = PBXBuildFile; fileRef = 8E0F568620159931001E8909 /* OrganizerCellViewModel.swift */; };
		8E116D561F7209C40067B6F5 /* SettingsService.swift in Sources */ = {isa = PBXBuildFile; fileRef = 8E116D551F7209C40067B6F5 /* SettingsService.swift */; };
		8E116D581F74A66C0067B6F5 /* StripeService.swift in Sources */ = {isa = PBXBuildFile; fileRef = 8E116D571F74A66C0067B6F5 /* StripeService.swift */; };
		8E11E42A1E31B07900DB4B27 /* SplashViewController.swift in Sources */ = {isa = PBXBuildFile; fileRef = 8E11E4291E31B07900DB4B27 /* SplashViewController.swift */; };
		8E11E42C1E31B80800DB4B27 /* Main.storyboard in Resources */ = {isa = PBXBuildFile; fileRef = 8E11E42B1E31B80800DB4B27 /* Main.storyboard */; };
		8E11E42E1E31B8E700DB4B27 /* ConfigurableNavigationController.swift in Sources */ = {isa = PBXBuildFile; fileRef = 8E11E42D1E31B8E700DB4B27 /* ConfigurableNavigationController.swift */; };
		8E16A59E1FECB34400D24D69 /* DeepLinkService.swift in Sources */ = {isa = PBXBuildFile; fileRef = 8E16A59D1FECB34400D24D69 /* DeepLinkService.swift */; };
		8E179078207B0324004FF5D2 /* Attendance.storyboard in Resources */ = {isa = PBXBuildFile; fileRef = 8E179077207B0324004FF5D2 /* Attendance.storyboard */; };
		8E17907A207B03C9004FF5D2 /* AttendeesViewController.swift in Sources */ = {isa = PBXBuildFile; fileRef = 8E179079207B03C9004FF5D2 /* AttendeesViewController.swift */; };
		8E17907C207B043F004FF5D2 /* PlayerCell.swift in Sources */ = {isa = PBXBuildFile; fileRef = 8E17907B207B043F004FF5D2 /* PlayerCell.swift */; };
		8E19A49C1E6C61BA00D301EC /* PlayerInfoViewController.swift in Sources */ = {isa = PBXBuildFile; fileRef = 8E19A49B1E6C61BA00D301EC /* PlayerInfoViewController.swift */; };
		8E19A4A21E6C658600D301EC /* String+Utils.swift in Sources */ = {isa = PBXBuildFile; fileRef = 8E19A4A11E6C658600D301EC /* String+Utils.swift */; };
		8E19A4AA1E6C9C7500D301EC /* ExpandableMapViewController.swift in Sources */ = {isa = PBXBuildFile; fileRef = 8E19A4A91E6C9C7500D301EC /* ExpandableMapViewController.swift */; };
		8E19A4AE1E6C9CB300D301EC /* EventActivityViewController.swift in Sources */ = {isa = PBXBuildFile; fileRef = 8E19A4AD1E6C9CB300D301EC /* EventActivityViewController.swift */; };
		8E19A4B01E6C9CF200D301EC /* PaymentTypesViewController.swift in Sources */ = {isa = PBXBuildFile; fileRef = 8E19A4AF1E6C9CF200D301EC /* PaymentTypesViewController.swift */; };
		8E1B00541FC2CC8B00420256 /* TutoriaPageViewController.swift in Sources */ = {isa = PBXBuildFile; fileRef = 8E1B00531FC2CC8B00420256 /* TutoriaPageViewController.swift */; };
		8E1B00561FC2E8FF00420256 /* TutorialButtonViewModel.swift in Sources */ = {isa = PBXBuildFile; fileRef = 8E1B00551FC2E8FF00420256 /* TutorialButtonViewModel.swift */; };
		8E1F3CC01F8B9A95005186AD /* BalizinhaTests.swift in Sources */ = {isa = PBXBuildFile; fileRef = 8E1F3CBF1F8B9A95005186AD /* BalizinhaTests.swift */; };
		8E1F3CC71F8B9A9D005186AD /* EventCellDonationTests.swift in Sources */ = {isa = PBXBuildFile; fileRef = 8E59662C1F8B98BA007A814A /* EventCellDonationTests.swift */; };
		8E1F3CCE1F8B9B85005186AD /* Promotion.swift in Sources */ = {isa = PBXBuildFile; fileRef = 8E7A2FFB1F83256E004EAE6A /* Promotion.swift */; };
		8E1F3CCF1F8B9B8C005186AD /* PushTableViewCell.swift in Sources */ = {isa = PBXBuildFile; fileRef = F2F7C3C11CEE2CDD00350115 /* PushTableViewCell.swift */; };
		8E1F3CD01F8B9B8C005186AD /* TransparentTextField.swift in Sources */ = {isa = PBXBuildFile; fileRef = F250A7FB1CFF1588003A7DEA /* TransparentTextField.swift */; };
		8E1F3CD11F8B9B8C005186AD /* EventCell.swift in Sources */ = {isa = PBXBuildFile; fileRef = F2048F7B1CED57170039F7BB /* EventCell.swift */; };
		8E1F3CD21F8B9B8C005186AD /* DetailCell.swift in Sources */ = {isa = PBXBuildFile; fileRef = F2F7C3B71CEE109000350115 /* DetailCell.swift */; };
		8E1F3CD31F8B9B8C005186AD /* EventPhotoCell.swift in Sources */ = {isa = PBXBuildFile; fileRef = 8EE5B31C1E7C109B00BC72A5 /* EventPhotoCell.swift */; };
		8E1F3CD41F8B9B8C005186AD /* DescriptionCell.swift in Sources */ = {isa = PBXBuildFile; fileRef = F2F7C3B91CEE10E800350115 /* DescriptionCell.swift */; };
		8E1F3CD51F8B9B8C005186AD /* ActionCell.swift in Sources */ = {isa = PBXBuildFile; fileRef = 8E54213F1E70DF8700AE4F3A /* ActionCell.swift */; };
		8E1F3CD61F8B9B8C005186AD /* PlayerIcon.swift in Sources */ = {isa = PBXBuildFile; fileRef = 8EE5B3271E7F365200BC72A5 /* PlayerIcon.swift */; };
		8E1F3CD71F8B9B8C005186AD /* ToggleCell.swift in Sources */ = {isa = PBXBuildFile; fileRef = 8EF25BC41E88161A0079E90B /* ToggleCell.swift */; };
		8E1F3CD81F8B9B8C005186AD /* PromoCell.swift in Sources */ = {isa = PBXBuildFile; fileRef = 8E7A2FFD1F8329D8004EAE6A /* PromoCell.swift */; };
		8E39FE8E1D237C710030CB96 /* NotificationService.swift in Sources */ = {isa = PBXBuildFile; fileRef = 8E39FE8D1D237C710030CB96 /* NotificationService.swift */; };
		8E48AF7C20DFD62600D814BE /* ResizableTagView.swift in Sources */ = {isa = PBXBuildFile; fileRef = 8E48AF7B20DFD62500D814BE /* ResizableTagView.swift */; };
		8E48AF7E20DFDA0C00D814BE /* LeagueTitleCell.swift in Sources */ = {isa = PBXBuildFile; fileRef = 8E48AF7D20DFDA0C00D814BE /* LeagueTitleCell.swift */; };
		8E48AF8020DFDE1700D814BE /* LeagueTagsCell.swift in Sources */ = {isa = PBXBuildFile; fileRef = 8E48AF7F20DFDE1700D814BE /* LeagueTagsCell.swift */; };
		8E48AF8220DFE21800D814BE /* LeagueInfoCell.swift in Sources */ = {isa = PBXBuildFile; fileRef = 8E48AF8120DFE21800D814BE /* LeagueInfoCell.swift */; };
		8E48AF8420DFE91C00D814BE /* LeaguePlayersCell.swift in Sources */ = {isa = PBXBuildFile; fileRef = 8E48AF8320DFE91C00D814BE /* LeaguePlayersCell.swift */; };
		8E48AF8620DFEE9700D814BE /* PlayersScrollView.swift in Sources */ = {isa = PBXBuildFile; fileRef = 8E48AF8520DFEE9700D814BE /* PlayersScrollView.swift */; };
		8E49E7292100B847009F1B5D /* JoinEventHelper.swift in Sources */ = {isa = PBXBuildFile; fileRef = 8E49E7282100B847009F1B5D /* JoinEventHelper.swift */; };
		8E4D366F1F8BA31B00B8B0B5 /* Constants.swift in Sources */ = {isa = PBXBuildFile; fileRef = 8ECD58E61CDFBF6B00AD2B13 /* Constants.swift */; };
		8E4D36701F8BA36500B8B0B5 /* String+Utils.swift in Sources */ = {isa = PBXBuildFile; fileRef = 8E19A4A11E6C658600D301EC /* String+Utils.swift */; };
		8E4D36721F8BA45900B8B0B5 /* NSObject+Utils.swift in Sources */ = {isa = PBXBuildFile; fileRef = 8E4D36711F8BA45900B8B0B5 /* NSObject+Utils.swift */; };
		8E4D36731F8BA46700B8B0B5 /* NSObject+Utils.swift in Sources */ = {isa = PBXBuildFile; fileRef = 8E4D36711F8BA45900B8B0B5 /* NSObject+Utils.swift */; };
		8E4D36751F8BA47A00B8B0B5 /* Date+Utils.swift in Sources */ = {isa = PBXBuildFile; fileRef = 8E4D36741F8BA47900B8B0B5 /* Date+Utils.swift */; };
		8E4D36761F8BA48500B8B0B5 /* Date+Utils.swift in Sources */ = {isa = PBXBuildFile; fileRef = 8E4D36741F8BA47900B8B0B5 /* Date+Utils.swift */; };
		8E54213E1E70CEF100AE4F3A /* ChatInputViewController.swift in Sources */ = {isa = PBXBuildFile; fileRef = 8E54213D1E70CEF100AE4F3A /* ChatInputViewController.swift */; };
		8E5421401E70DF8700AE4F3A /* ActionCell.swift in Sources */ = {isa = PBXBuildFile; fileRef = 8E54213F1E70DF8700AE4F3A /* ActionCell.swift */; };
		8E571A0320E25E2B003AB202 /* RAImageView.swift in Sources */ = {isa = PBXBuildFile; fileRef = 8E571A0220E25E2B003AB202 /* RAImageView.swift */; };
		8E6AE5451F8E5DBA0062DCF5 /* PaymentViewModel.swift in Sources */ = {isa = PBXBuildFile; fileRef = 8E6AE5441F8E5DBA0062DCF5 /* PaymentViewModel.swift */; };
		8E7016D2207A9D0400A4C28C /* UpgradeService.swift in Sources */ = {isa = PBXBuildFile; fileRef = 8E7016D1207A9D0400A4C28C /* UpgradeService.swift */; };
		8E7016D4207AA8A300A4C28C /* UpgradeServiceTests.swift in Sources */ = {isa = PBXBuildFile; fileRef = 8E7016D3207AA8A200A4C28C /* UpgradeServiceTests.swift */; };
		8E7016D5207AABCE00A4C28C /* UpgradeService.swift in Sources */ = {isa = PBXBuildFile; fileRef = 8E7016D1207A9D0400A4C28C /* UpgradeService.swift */; };
		8E72569A1CDF793200C9E054 /* AppDelegate.swift in Sources */ = {isa = PBXBuildFile; fileRef = 8E7256991CDF793200C9E054 /* AppDelegate.swift */; };
		8E72569C1CDF793200C9E054 /* LoginViewController.swift in Sources */ = {isa = PBXBuildFile; fileRef = 8E72569B1CDF793200C9E054 /* LoginViewController.swift */; };
		8E72569F1CDF793200C9E054 /* LoginSignup.storyboard in Resources */ = {isa = PBXBuildFile; fileRef = 8E72569D1CDF793200C9E054 /* LoginSignup.storyboard */; };
		8E7256A11CDF793200C9E054 /* Assets.xcassets in Resources */ = {isa = PBXBuildFile; fileRef = 8E7256A01CDF793200C9E054 /* Assets.xcassets */; };
		8E7256AD1CDF7DB600C9E054 /* SignupViewController.swift in Sources */ = {isa = PBXBuildFile; fileRef = 8E7256AC1CDF7DB600C9E054 /* SignupViewController.swift */; };
		8E7397FC1FF921E500D48BA0 /* Montserrat-Black.ttf in Resources */ = {isa = PBXBuildFile; fileRef = 8E7397F91FF921D500D48BA0 /* Montserrat-Black.ttf */; };
		8E7397FD1FF921E500D48BA0 /* Montserrat-BlackItalic.ttf in Resources */ = {isa = PBXBuildFile; fileRef = 8E7397F81FF921D400D48BA0 /* Montserrat-BlackItalic.ttf */; };
		8E7397FE1FF921E500D48BA0 /* Montserrat-Bold.ttf in Resources */ = {isa = PBXBuildFile; fileRef = 8E7397EB1FF921C300D48BA0 /* Montserrat-Bold.ttf */; };
		8E7397FF1FF921E500D48BA0 /* Montserrat-BoldItalic.ttf in Resources */ = {isa = PBXBuildFile; fileRef = 8E7397EC1FF921C400D48BA0 /* Montserrat-BoldItalic.ttf */; };
		8E7398001FF921E500D48BA0 /* Montserrat-ExtraBold.ttf in Resources */ = {isa = PBXBuildFile; fileRef = 8E7397FA1FF921D700D48BA0 /* Montserrat-ExtraBold.ttf */; };
		8E7398011FF921E500D48BA0 /* Montserrat-ExtraBoldItalic.ttf in Resources */ = {isa = PBXBuildFile; fileRef = 8E7397F61FF921D200D48BA0 /* Montserrat-ExtraBoldItalic.ttf */; };
		8E7398021FF921E500D48BA0 /* Montserrat-ExtraLight.ttf in Resources */ = {isa = PBXBuildFile; fileRef = 8E7397FB1FF921D900D48BA0 /* Montserrat-ExtraLight.ttf */; };
		8E7398031FF921E500D48BA0 /* Montserrat-ExtraLightItalic.ttf in Resources */ = {isa = PBXBuildFile; fileRef = 8E7397F51FF921D100D48BA0 /* Montserrat-ExtraLightItalic.ttf */; };
		8E7398041FF921E500D48BA0 /* Montserrat-Italic.ttf in Resources */ = {isa = PBXBuildFile; fileRef = 8E7397EF1FF921C600D48BA0 /* Montserrat-Italic.ttf */; };
		8E7398051FF921E500D48BA0 /* Montserrat-Light.ttf in Resources */ = {isa = PBXBuildFile; fileRef = 8E7397F01FF921CA00D48BA0 /* Montserrat-Light.ttf */; };
		8E7398061FF921E500D48BA0 /* Montserrat-LightItalic.ttf in Resources */ = {isa = PBXBuildFile; fileRef = 8E7397F71FF921D300D48BA0 /* Montserrat-LightItalic.ttf */; };
		8E7398071FF921E500D48BA0 /* Montserrat-Medium.ttf in Resources */ = {isa = PBXBuildFile; fileRef = 8E7397EA1FF921C200D48BA0 /* Montserrat-Medium.ttf */; };
		8E7398081FF921E500D48BA0 /* Montserrat-MediumItalic.ttf in Resources */ = {isa = PBXBuildFile; fileRef = 8E7397F41FF921D000D48BA0 /* Montserrat-MediumItalic.ttf */; };
		8E7398091FF921E500D48BA0 /* Montserrat-Regular.ttf in Resources */ = {isa = PBXBuildFile; fileRef = 8E7397ED1FF921C400D48BA0 /* Montserrat-Regular.ttf */; };
		8E73980A1FF921E500D48BA0 /* Montserrat-SemiBold.ttf in Resources */ = {isa = PBXBuildFile; fileRef = 8E7397F21FF921CD00D48BA0 /* Montserrat-SemiBold.ttf */; };
		8E73980B1FF921E500D48BA0 /* Montserrat-SemiBoldItalic.ttf in Resources */ = {isa = PBXBuildFile; fileRef = 8E7397F31FF921CE00D48BA0 /* Montserrat-SemiBoldItalic.ttf */; };
		8E73980C1FF921E500D48BA0 /* Montserrat-Thin.ttf in Resources */ = {isa = PBXBuildFile; fileRef = 8E7397F11FF921CC00D48BA0 /* Montserrat-Thin.ttf */; };
		8E73980D1FF921E500D48BA0 /* Montserrat-ThinItalic.ttf in Resources */ = {isa = PBXBuildFile; fileRef = 8E7397EE1FF921C500D48BA0 /* Montserrat-ThinItalic.ttf */; };
		8E74E54B1FA9FB51005F72DA /* PlaceSearchViewController.swift in Sources */ = {isa = PBXBuildFile; fileRef = 8E74E54A1FA9FB51005F72DA /* PlaceSearchViewController.swift */; };
		8E74E54D1FA9FFF5005F72DA /* PlaceResultsViewController.swift in Sources */ = {isa = PBXBuildFile; fileRef = 8E74E54C1FA9FFF5005F72DA /* PlaceResultsViewController.swift */; };
		8E7A2FF81F8313C6004EAE6A /* OrganizerService.swift in Sources */ = {isa = PBXBuildFile; fileRef = 8E7A2FF71F8313C6004EAE6A /* OrganizerService.swift */; };
		8E7A2FFC1F83256E004EAE6A /* Promotion.swift in Sources */ = {isa = PBXBuildFile; fileRef = 8E7A2FFB1F83256E004EAE6A /* Promotion.swift */; };
		8E7A2FFE1F8329D8004EAE6A /* PromoCell.swift in Sources */ = {isa = PBXBuildFile; fileRef = 8E7A2FFD1F8329D8004EAE6A /* PromoCell.swift */; };
		8E7A30001F83396A004EAE6A /* PromotionService.swift in Sources */ = {isa = PBXBuildFile; fileRef = 8E7A2FFF1F833969004EAE6A /* PromotionService.swift */; };
		8E7CABFE1F8D8B8D0095084D /* PaymentCell.swift in Sources */ = {isa = PBXBuildFile; fileRef = 8E7CABFD1F8D8B8D0095084D /* PaymentCell.swift */; };
		8E9D41912138169300BEBA79 /* GoogleService-Info-prod.plist in Resources */ = {isa = PBXBuildFile; fileRef = 8E9D41902138169200BEBA79 /* GoogleService-Info-prod.plist */; };
		8E9D4193213816E400BEBA79 /* GoogleService-Info-dev.plist in Resources */ = {isa = PBXBuildFile; fileRef = 8E9D4192213816E300BEBA79 /* GoogleService-Info-dev.plist */; };
		8E9FED6E1FE0E5F600D983AE /* LocationSettingCell.swift in Sources */ = {isa = PBXBuildFile; fileRef = 8E9FED6D1FE0E5F600D983AE /* LocationSettingCell.swift */; };
		8EB29279212F77AA0007BAF8 /* PinpointViewController.swift in Sources */ = {isa = PBXBuildFile; fileRef = 8EB29278212F77AA0007BAF8 /* PinpointViewController.swift */; };
		8EB865FA208BE8440029079A /* PlayerLeaguesViewController.swift in Sources */ = {isa = PBXBuildFile; fileRef = 8EB865F9208BE8440029079A /* PlayerLeaguesViewController.swift */; };
		8EB90B391FB2B8D5007C60F0 /* Tutorial.storyboard in Resources */ = {isa = PBXBuildFile; fileRef = 8EB90B381FB2B8D5007C60F0 /* Tutorial.storyboard */; };
		8EB90B3B1FB2BABE007C60F0 /* TutorialViewController.swift in Sources */ = {isa = PBXBuildFile; fileRef = 8EB90B3A1FB2BABE007C60F0 /* TutorialViewController.swift */; };
		8EBABEBB211616A2009DD867 /* FacebookService.swift in Sources */ = {isa = PBXBuildFile; fileRef = 8EBABEBA211616A2009DD867 /* FacebookService.swift */; };
		8EBEDDC020DFD13800FD8BCE /* LeagueViewController.swift in Sources */ = {isa = PBXBuildFile; fileRef = 8EBEDDBF20DFD13800FD8BCE /* LeagueViewController.swift */; };
		8EBF1C391E7965BA0057871F /* PlayerViewController.swift in Sources */ = {isa = PBXBuildFile; fileRef = 8EBF1C381E7965BA0057871F /* PlayerViewController.swift */; };
		8EC2EFEB1F60D6F90081FF68 /* UIDatePickerHelper.swift in Sources */ = {isa = PBXBuildFile; fileRef = 8EC2EFEA1F60D6F90081FF68 /* UIDatePickerHelper.swift */; };
		8EC799271E35AA02004ACC52 /* MapViewController.swift in Sources */ = {isa = PBXBuildFile; fileRef = 8EC799261E35AA02004ACC52 /* MapViewController.swift */; };
		8EC799291E363549004ACC52 /* Account.storyboard in Resources */ = {isa = PBXBuildFile; fileRef = 8EC799281E363549004ACC52 /* Account.storyboard */; };
		8EC7992B1E3635A0004ACC52 /* Events.storyboard in Resources */ = {isa = PBXBuildFile; fileRef = 8EC7992A1E3635A0004ACC52 /* Events.storyboard */; };
		8EC7992D1E3635A8004ACC52 /* Calendar.storyboard in Resources */ = {isa = PBXBuildFile; fileRef = 8EC7992C1E3635A8004ACC52 /* Calendar.storyboard */; };
		8EC7992F1E3636A0004ACC52 /* EventDetails.storyboard in Resources */ = {isa = PBXBuildFile; fileRef = 8EC7992E1E3636A0004ACC52 /* EventDetails.storyboard */; };
		8ECD58E11CDF853500AD2B13 /* Splash.storyboard in Resources */ = {isa = PBXBuildFile; fileRef = 8ECD58E01CDF853500AD2B13 /* Splash.storyboard */; };
		8ECD58E51CDFB7F500AD2B13 /* UIViewController+Utils.swift in Sources */ = {isa = PBXBuildFile; fileRef = 8ECD58E41CDFB7F500AD2B13 /* UIViewController+Utils.swift */; };
		8ECD58E71CDFBF6B00AD2B13 /* Constants.swift in Sources */ = {isa = PBXBuildFile; fileRef = 8ECD58E61CDFBF6B00AD2B13 /* Constants.swift */; };
		8ED3FE5320E3325E00D43F7E /* LeaguePlayersViewController.swift in Sources */ = {isa = PBXBuildFile; fileRef = 8ED3FE5220E3325E00D43F7E /* LeaguePlayersViewController.swift */; };
		8ED897562109FA5C0062D345 /* ActivityIndicatorOverlay.swift in Sources */ = {isa = PBXBuildFile; fileRef = 8ED897552109FA5B0062D345 /* ActivityIndicatorOverlay.swift */; };
		8EDA009C1F6597060080F446 /* RemoteDataService.swift in Sources */ = {isa = PBXBuildFile; fileRef = 8EDA009B1F6597060080F446 /* RemoteDataService.swift */; };
		8EDA009E1F6597BC0080F446 /* LoggingService.swift in Sources */ = {isa = PBXBuildFile; fileRef = 8EDA009D1F6597BC0080F446 /* LoggingService.swift */; };
		8EDD13E91FEB78C10039F1A7 /* ShareService.swift in Sources */ = {isa = PBXBuildFile; fileRef = 8EDD13E81FEB78C10039F1A7 /* ShareService.swift */; };
		8EDD97A320E915B100D9A1A2 /* EventLeagueSelectorViewController.swift in Sources */ = {isa = PBXBuildFile; fileRef = 8EDD97A220E915B100D9A1A2 /* EventLeagueSelectorViewController.swift */; };
		8EDFB1BA1E3D3F00006DD187 /* LocationService.swift in Sources */ = {isa = PBXBuildFile; fileRef = 8EDFB1B91E3D3F00006DD187 /* LocationService.swift */; };
		8EE5B3261E7F363A00BC72A5 /* OrganizerViewController.swift in Sources */ = {isa = PBXBuildFile; fileRef = 8EE5B3251E7F363A00BC72A5 /* OrganizerViewController.swift */; };
		8EE5B3281E7F365200BC72A5 /* PlayerIcon.swift in Sources */ = {isa = PBXBuildFile; fileRef = 8EE5B3271E7F365200BC72A5 /* PlayerIcon.swift */; };
		8EE94E471FF93DB700129EC2 /* Launch.storyboard in Resources */ = {isa = PBXBuildFile; fileRef = 8EE94E461FF93DB700129EC2 /* Launch.storyboard */; };
		8EF167F7208BEBA200257354 /* FirebaseModelIcon.swift in Sources */ = {isa = PBXBuildFile; fileRef = 8EF167F6208BEBA200257354 /* FirebaseModelIcon.swift */; };
		8EF167F9208BEE4A00257354 /* LeagueIcon.swift in Sources */ = {isa = PBXBuildFile; fileRef = 8EF167F8208BEE4A00257354 /* LeagueIcon.swift */; };
		8EF25BC51E88161A0079E90B /* ToggleCell.swift in Sources */ = {isa = PBXBuildFile; fileRef = 8EF25BC41E88161A0079E90B /* ToggleCell.swift */; };
		8EF7F9F520E339A30037962E /* LeaguePlayerCell.swift in Sources */ = {isa = PBXBuildFile; fileRef = 8EF7F9F420E339A20037962E /* LeaguePlayerCell.swift */; };
		8EFEC00E1F8B9CEB00B2242E /* EventPhotoCell.swift in Sources */ = {isa = PBXBuildFile; fileRef = 8EE5B31C1E7C109B00BC72A5 /* EventPhotoCell.swift */; };
		AF13F159616F0AD794E5FFA9 /* Pods_Panna.framework in Frameworks */ = {isa = PBXBuildFile; fileRef = 1F3607E28372CEBCAF774CB7 /* Pods_Panna.framework */; };
		C651AB882096D6650046B03C /* read.me in Resources */ = {isa = PBXBuildFile; fileRef = C651AB872096D6650046B03C /* read.me */; };
		C651AB8A2096D7FC0046B03C /* League.storyboard in Resources */ = {isa = PBXBuildFile; fileRef = C651AB892096D7FC0046B03C /* League.storyboard */; };
		C651AB8D2096D82E0046B03C /* LeaguesViewController.swift in Sources */ = {isa = PBXBuildFile; fileRef = C651AB8C2096D82E0046B03C /* LeaguesViewController.swift */; };
		C69E4E832097543400F4D74B /* LeagueCell.swift in Sources */ = {isa = PBXBuildFile; fileRef = C69E4E822097543400F4D74B /* LeagueCell.swift */; };
		C6B7412720FAD88B00B0FA00 /* JoinLeagueCell.swift in Sources */ = {isa = PBXBuildFile; fileRef = C6B7412620FAD88B00B0FA00 /* JoinLeagueCell.swift */; };
		C6FDE5C420431ECB00FE0C76 /* ChatService.swift in Sources */ = {isa = PBXBuildFile; fileRef = C6FDE5C320431ECB00FE0C76 /* ChatService.swift */; };
		CD846D2DD676A1022A2BD907 /* Pods_PannaTests.framework in Frameworks */ = {isa = PBXBuildFile; fileRef = 4981281AEA3B60CCD66E677C /* Pods_PannaTests.framework */; };
		F2048F7C1CED57170039F7BB /* EventCell.swift in Sources */ = {isa = PBXBuildFile; fileRef = F2048F7B1CED57170039F7BB /* EventCell.swift */; };
		F2048F7E1CED59A50039F7BB /* CalendarViewController.swift in Sources */ = {isa = PBXBuildFile; fileRef = F2048F7D1CED59A50039F7BB /* CalendarViewController.swift */; };
		F21571F51D200B7C00D2F59A /* EventDisplayViewController.swift in Sources */ = {isa = PBXBuildFile; fileRef = F21571F41D200B7C00D2F59A /* EventDisplayViewController.swift */; };
		F250A7FC1CFF1588003A7DEA /* TransparentTextField.swift in Sources */ = {isa = PBXBuildFile; fileRef = F250A7FB1CFF1588003A7DEA /* TransparentTextField.swift */; };
		F2C0F1201CF3E8BB00CB98F1 /* EventsViewController.swift in Sources */ = {isa = PBXBuildFile; fileRef = F2C0F11F1CF3E8BB00CB98F1 /* EventsViewController.swift */; };
		F2F7C3B81CEE109000350115 /* DetailCell.swift in Sources */ = {isa = PBXBuildFile; fileRef = F2F7C3B71CEE109000350115 /* DetailCell.swift */; };
		F2F7C3BA1CEE10E800350115 /* DescriptionCell.swift in Sources */ = {isa = PBXBuildFile; fileRef = F2F7C3B91CEE10E800350115 /* DescriptionCell.swift */; };
		F2F7C3BD1CEE11B300350115 /* CreateEventViewController.swift in Sources */ = {isa = PBXBuildFile; fileRef = F2F7C3BC1CEE11B300350115 /* CreateEventViewController.swift */; };
		F2F7C3C01CEE296A00350115 /* AccountViewController.swift in Sources */ = {isa = PBXBuildFile; fileRef = F2F7C3BF1CEE296A00350115 /* AccountViewController.swift */; };
		F2F7C3C21CEE2CDD00350115 /* PushTableViewCell.swift in Sources */ = {isa = PBXBuildFile; fileRef = F2F7C3C11CEE2CDD00350115 /* PushTableViewCell.swift */; };
/* End PBXBuildFile section */

/* Begin PBXContainerItemProxy section */
		8E1F3CC21F8B9A95005186AD /* PBXContainerItemProxy */ = {
			isa = PBXContainerItemProxy;
			containerPortal = 8E72568E1CDF793100C9E054 /* Project object */;
			proxyType = 1;
			remoteGlobalIDString = 8E7256951CDF793100C9E054;
			remoteInfo = Balizinha;
		};
/* End PBXContainerItemProxy section */

/* Begin PBXFileReference section */
		1F3607E28372CEBCAF774CB7 /* Pods_Panna.framework */ = {isa = PBXFileReference; explicitFileType = wrapper.framework; includeInIndex = 0; path = Pods_Panna.framework; sourceTree = BUILT_PRODUCTS_DIR; };
		2393261844733F0603E5A8AF /* Pods_LotSportz.framework */ = {isa = PBXFileReference; explicitFileType = wrapper.framework; includeInIndex = 0; path = Pods_LotSportz.framework; sourceTree = BUILT_PRODUCTS_DIR; };
		3036416C96F302F53056AE96 /* Pods-Panna.debug.xcconfig */ = {isa = PBXFileReference; includeInIndex = 1; lastKnownFileType = text.xcconfig; name = "Pods-Panna.debug.xcconfig"; path = "Pods/Target Support Files/Pods-Panna/Pods-Panna.debug.xcconfig"; sourceTree = "<group>"; };
		4981281AEA3B60CCD66E677C /* Pods_PannaTests.framework */ = {isa = PBXFileReference; explicitFileType = wrapper.framework; includeInIndex = 0; path = Pods_PannaTests.framework; sourceTree = BUILT_PRODUCTS_DIR; };
		5EEC7A03F1D4279355F0F9CC /* Pods-Balizinha.release.xcconfig */ = {isa = PBXFileReference; includeInIndex = 1; lastKnownFileType = text.xcconfig; name = "Pods-Balizinha.release.xcconfig"; path = "Pods/Target Support Files/Pods-Balizinha/Pods-Balizinha.release.xcconfig"; sourceTree = "<group>"; };
		6DA134C2A34195C7956CE667 /* Pods-Panna.release.xcconfig */ = {isa = PBXFileReference; includeInIndex = 1; lastKnownFileType = text.xcconfig; name = "Pods-Panna.release.xcconfig"; path = "Pods/Target Support Files/Pods-Panna/Pods-Panna.release.xcconfig"; sourceTree = "<group>"; };
		72850730339D7BDEAC192B33 /* Pods-LotSportz.release.xcconfig */ = {isa = PBXFileReference; includeInIndex = 1; lastKnownFileType = text.xcconfig; name = "Pods-LotSportz.release.xcconfig"; path = "Pods/Target Support Files/Pods-LotSportz/Pods-LotSportz.release.xcconfig"; sourceTree = "<group>"; };
		75AF04F244D31D4B039DF4B6 /* Pods.framework */ = {isa = PBXFileReference; explicitFileType = wrapper.framework; includeInIndex = 0; path = Pods.framework; sourceTree = BUILT_PRODUCTS_DIR; };
		8E0F5684201598CD001E8909 /* OrganizerCell.swift */ = {isa = PBXFileReference; lastKnownFileType = sourcecode.swift; path = OrganizerCell.swift; sourceTree = "<group>"; };
		8E0F568620159931001E8909 /* OrganizerCellViewModel.swift */ = {isa = PBXFileReference; lastKnownFileType = sourcecode.swift; path = OrganizerCellViewModel.swift; sourceTree = "<group>"; };
		8E116D551F7209C40067B6F5 /* SettingsService.swift */ = {isa = PBXFileReference; fileEncoding = 4; lastKnownFileType = sourcecode.swift; path = SettingsService.swift; sourceTree = "<group>"; };
		8E116D571F74A66C0067B6F5 /* StripeService.swift */ = {isa = PBXFileReference; fileEncoding = 4; lastKnownFileType = sourcecode.swift; path = StripeService.swift; sourceTree = "<group>"; };
		8E11E4291E31B07900DB4B27 /* SplashViewController.swift */ = {isa = PBXFileReference; fileEncoding = 4; lastKnownFileType = sourcecode.swift; path = SplashViewController.swift; sourceTree = "<group>"; };
		8E11E42B1E31B80800DB4B27 /* Main.storyboard */ = {isa = PBXFileReference; fileEncoding = 4; lastKnownFileType = file.storyboard; path = Main.storyboard; sourceTree = "<group>"; };
		8E11E42D1E31B8E700DB4B27 /* ConfigurableNavigationController.swift */ = {isa = PBXFileReference; fileEncoding = 4; lastKnownFileType = sourcecode.swift; path = ConfigurableNavigationController.swift; sourceTree = "<group>"; };
		8E16A59D1FECB34400D24D69 /* DeepLinkService.swift */ = {isa = PBXFileReference; lastKnownFileType = sourcecode.swift; path = DeepLinkService.swift; sourceTree = "<group>"; };
		8E179077207B0324004FF5D2 /* Attendance.storyboard */ = {isa = PBXFileReference; lastKnownFileType = file.storyboard; path = Attendance.storyboard; sourceTree = "<group>"; };
		8E179079207B03C9004FF5D2 /* AttendeesViewController.swift */ = {isa = PBXFileReference; lastKnownFileType = sourcecode.swift; path = AttendeesViewController.swift; sourceTree = "<group>"; };
		8E17907B207B043F004FF5D2 /* PlayerCell.swift */ = {isa = PBXFileReference; fileEncoding = 4; lastKnownFileType = sourcecode.swift; path = PlayerCell.swift; sourceTree = "<group>"; };
		8E19A49B1E6C61BA00D301EC /* PlayerInfoViewController.swift */ = {isa = PBXFileReference; fileEncoding = 4; lastKnownFileType = sourcecode.swift; path = PlayerInfoViewController.swift; sourceTree = "<group>"; };
		8E19A4A11E6C658600D301EC /* String+Utils.swift */ = {isa = PBXFileReference; fileEncoding = 4; lastKnownFileType = sourcecode.swift; path = "String+Utils.swift"; sourceTree = "<group>"; };
		8E19A4A91E6C9C7500D301EC /* ExpandableMapViewController.swift */ = {isa = PBXFileReference; fileEncoding = 4; lastKnownFileType = sourcecode.swift; path = ExpandableMapViewController.swift; sourceTree = "<group>"; };
		8E19A4AD1E6C9CB300D301EC /* EventActivityViewController.swift */ = {isa = PBXFileReference; fileEncoding = 4; lastKnownFileType = sourcecode.swift; path = EventActivityViewController.swift; sourceTree = "<group>"; };
		8E19A4AF1E6C9CF200D301EC /* PaymentTypesViewController.swift */ = {isa = PBXFileReference; fileEncoding = 4; lastKnownFileType = sourcecode.swift; path = PaymentTypesViewController.swift; sourceTree = "<group>"; };
		8E1B00531FC2CC8B00420256 /* TutoriaPageViewController.swift */ = {isa = PBXFileReference; lastKnownFileType = sourcecode.swift; path = TutoriaPageViewController.swift; sourceTree = "<group>"; };
		8E1B00551FC2E8FF00420256 /* TutorialButtonViewModel.swift */ = {isa = PBXFileReference; lastKnownFileType = sourcecode.swift; path = TutorialButtonViewModel.swift; sourceTree = "<group>"; };
		8E1F3CBD1F8B9A95005186AD /* PannaTests.xctest */ = {isa = PBXFileReference; explicitFileType = wrapper.cfbundle; includeInIndex = 0; path = PannaTests.xctest; sourceTree = BUILT_PRODUCTS_DIR; };
		8E1F3CBF1F8B9A95005186AD /* BalizinhaTests.swift */ = {isa = PBXFileReference; lastKnownFileType = sourcecode.swift; path = BalizinhaTests.swift; sourceTree = "<group>"; };
		8E1F3CC11F8B9A95005186AD /* Info.plist */ = {isa = PBXFileReference; lastKnownFileType = text.plist.xml; path = Info.plist; sourceTree = "<group>"; };
		8E39FE8D1D237C710030CB96 /* NotificationService.swift */ = {isa = PBXFileReference; fileEncoding = 4; lastKnownFileType = sourcecode.swift; path = NotificationService.swift; sourceTree = "<group>"; };
		8E48AF7B20DFD62500D814BE /* ResizableTagView.swift */ = {isa = PBXFileReference; fileEncoding = 4; lastKnownFileType = sourcecode.swift; path = ResizableTagView.swift; sourceTree = "<group>"; };
		8E48AF7D20DFDA0C00D814BE /* LeagueTitleCell.swift */ = {isa = PBXFileReference; lastKnownFileType = sourcecode.swift; path = LeagueTitleCell.swift; sourceTree = "<group>"; };
		8E48AF7F20DFDE1700D814BE /* LeagueTagsCell.swift */ = {isa = PBXFileReference; lastKnownFileType = sourcecode.swift; path = LeagueTagsCell.swift; sourceTree = "<group>"; };
		8E48AF8120DFE21800D814BE /* LeagueInfoCell.swift */ = {isa = PBXFileReference; lastKnownFileType = sourcecode.swift; path = LeagueInfoCell.swift; sourceTree = "<group>"; };
		8E48AF8320DFE91C00D814BE /* LeaguePlayersCell.swift */ = {isa = PBXFileReference; lastKnownFileType = sourcecode.swift; path = LeaguePlayersCell.swift; sourceTree = "<group>"; };
		8E48AF8520DFEE9700D814BE /* PlayersScrollView.swift */ = {isa = PBXFileReference; lastKnownFileType = sourcecode.swift; path = PlayersScrollView.swift; sourceTree = "<group>"; };
		8E49E7282100B847009F1B5D /* JoinEventHelper.swift */ = {isa = PBXFileReference; lastKnownFileType = sourcecode.swift; path = JoinEventHelper.swift; sourceTree = "<group>"; };
		8E4D36711F8BA45900B8B0B5 /* NSObject+Utils.swift */ = {isa = PBXFileReference; lastKnownFileType = sourcecode.swift; path = "NSObject+Utils.swift"; sourceTree = "<group>"; };
		8E4D36741F8BA47900B8B0B5 /* Date+Utils.swift */ = {isa = PBXFileReference; lastKnownFileType = sourcecode.swift; path = "Date+Utils.swift"; sourceTree = "<group>"; };
		8E54213D1E70CEF100AE4F3A /* ChatInputViewController.swift */ = {isa = PBXFileReference; fileEncoding = 4; lastKnownFileType = sourcecode.swift; path = ChatInputViewController.swift; sourceTree = "<group>"; };
		8E54213F1E70DF8700AE4F3A /* ActionCell.swift */ = {isa = PBXFileReference; fileEncoding = 4; lastKnownFileType = sourcecode.swift; path = ActionCell.swift; sourceTree = "<group>"; };
		8E571A0220E25E2B003AB202 /* RAImageView.swift */ = {isa = PBXFileReference; fileEncoding = 4; lastKnownFileType = sourcecode.swift; path = RAImageView.swift; sourceTree = "<group>"; };
		8E59662C1F8B98BA007A814A /* EventCellDonationTests.swift */ = {isa = PBXFileReference; lastKnownFileType = sourcecode.swift; path = EventCellDonationTests.swift; sourceTree = "<group>"; };
		8E6AE5441F8E5DBA0062DCF5 /* PaymentViewModel.swift */ = {isa = PBXFileReference; lastKnownFileType = sourcecode.swift; path = PaymentViewModel.swift; sourceTree = "<group>"; };
		8E7016D1207A9D0400A4C28C /* UpgradeService.swift */ = {isa = PBXFileReference; lastKnownFileType = sourcecode.swift; path = UpgradeService.swift; sourceTree = "<group>"; };
		8E7016D3207AA8A200A4C28C /* UpgradeServiceTests.swift */ = {isa = PBXFileReference; lastKnownFileType = sourcecode.swift; path = UpgradeServiceTests.swift; sourceTree = "<group>"; };
		8E7256961CDF793100C9E054 /* Panna.app */ = {isa = PBXFileReference; explicitFileType = wrapper.application; includeInIndex = 0; path = Panna.app; sourceTree = BUILT_PRODUCTS_DIR; };
		8E7256991CDF793200C9E054 /* AppDelegate.swift */ = {isa = PBXFileReference; lastKnownFileType = sourcecode.swift; path = AppDelegate.swift; sourceTree = "<group>"; };
		8E72569B1CDF793200C9E054 /* LoginViewController.swift */ = {isa = PBXFileReference; lastKnownFileType = sourcecode.swift; path = LoginViewController.swift; sourceTree = "<group>"; };
		8E72569E1CDF793200C9E054 /* Base */ = {isa = PBXFileReference; lastKnownFileType = file.storyboard; name = Base; path = Base.lproj/LoginSignup.storyboard; sourceTree = "<group>"; };
		8E7256A01CDF793200C9E054 /* Assets.xcassets */ = {isa = PBXFileReference; lastKnownFileType = folder.assetcatalog; path = Assets.xcassets; sourceTree = "<group>"; };
		8E7256A51CDF793200C9E054 /* Info.plist */ = {isa = PBXFileReference; lastKnownFileType = text.plist.xml; path = Info.plist; sourceTree = "<group>"; };
		8E7256AC1CDF7DB600C9E054 /* SignupViewController.swift */ = {isa = PBXFileReference; fileEncoding = 4; lastKnownFileType = sourcecode.swift; path = SignupViewController.swift; sourceTree = "<group>"; };
		8E7397EA1FF921C200D48BA0 /* Montserrat-Medium.ttf */ = {isa = PBXFileReference; lastKnownFileType = file; path = "Montserrat-Medium.ttf"; sourceTree = "<group>"; };
		8E7397EB1FF921C300D48BA0 /* Montserrat-Bold.ttf */ = {isa = PBXFileReference; lastKnownFileType = file; path = "Montserrat-Bold.ttf"; sourceTree = "<group>"; };
		8E7397EC1FF921C400D48BA0 /* Montserrat-BoldItalic.ttf */ = {isa = PBXFileReference; lastKnownFileType = file; path = "Montserrat-BoldItalic.ttf"; sourceTree = "<group>"; };
		8E7397ED1FF921C400D48BA0 /* Montserrat-Regular.ttf */ = {isa = PBXFileReference; lastKnownFileType = file; path = "Montserrat-Regular.ttf"; sourceTree = "<group>"; };
		8E7397EE1FF921C500D48BA0 /* Montserrat-ThinItalic.ttf */ = {isa = PBXFileReference; lastKnownFileType = file; path = "Montserrat-ThinItalic.ttf"; sourceTree = "<group>"; };
		8E7397EF1FF921C600D48BA0 /* Montserrat-Italic.ttf */ = {isa = PBXFileReference; lastKnownFileType = file; path = "Montserrat-Italic.ttf"; sourceTree = "<group>"; };
		8E7397F01FF921CA00D48BA0 /* Montserrat-Light.ttf */ = {isa = PBXFileReference; lastKnownFileType = file; path = "Montserrat-Light.ttf"; sourceTree = "<group>"; };
		8E7397F11FF921CC00D48BA0 /* Montserrat-Thin.ttf */ = {isa = PBXFileReference; lastKnownFileType = file; path = "Montserrat-Thin.ttf"; sourceTree = "<group>"; };
		8E7397F21FF921CD00D48BA0 /* Montserrat-SemiBold.ttf */ = {isa = PBXFileReference; lastKnownFileType = file; path = "Montserrat-SemiBold.ttf"; sourceTree = "<group>"; };
		8E7397F31FF921CE00D48BA0 /* Montserrat-SemiBoldItalic.ttf */ = {isa = PBXFileReference; lastKnownFileType = file; path = "Montserrat-SemiBoldItalic.ttf"; sourceTree = "<group>"; };
		8E7397F41FF921D000D48BA0 /* Montserrat-MediumItalic.ttf */ = {isa = PBXFileReference; lastKnownFileType = file; path = "Montserrat-MediumItalic.ttf"; sourceTree = "<group>"; };
		8E7397F51FF921D100D48BA0 /* Montserrat-ExtraLightItalic.ttf */ = {isa = PBXFileReference; lastKnownFileType = file; path = "Montserrat-ExtraLightItalic.ttf"; sourceTree = "<group>"; };
		8E7397F61FF921D200D48BA0 /* Montserrat-ExtraBoldItalic.ttf */ = {isa = PBXFileReference; lastKnownFileType = file; path = "Montserrat-ExtraBoldItalic.ttf"; sourceTree = "<group>"; };
		8E7397F71FF921D300D48BA0 /* Montserrat-LightItalic.ttf */ = {isa = PBXFileReference; lastKnownFileType = file; path = "Montserrat-LightItalic.ttf"; sourceTree = "<group>"; };
		8E7397F81FF921D400D48BA0 /* Montserrat-BlackItalic.ttf */ = {isa = PBXFileReference; lastKnownFileType = file; path = "Montserrat-BlackItalic.ttf"; sourceTree = "<group>"; };
		8E7397F91FF921D500D48BA0 /* Montserrat-Black.ttf */ = {isa = PBXFileReference; lastKnownFileType = file; path = "Montserrat-Black.ttf"; sourceTree = "<group>"; };
		8E7397FA1FF921D700D48BA0 /* Montserrat-ExtraBold.ttf */ = {isa = PBXFileReference; lastKnownFileType = file; path = "Montserrat-ExtraBold.ttf"; sourceTree = "<group>"; };
		8E7397FB1FF921D900D48BA0 /* Montserrat-ExtraLight.ttf */ = {isa = PBXFileReference; lastKnownFileType = file; path = "Montserrat-ExtraLight.ttf"; sourceTree = "<group>"; };
		8E74E54A1FA9FB51005F72DA /* PlaceSearchViewController.swift */ = {isa = PBXFileReference; lastKnownFileType = sourcecode.swift; path = PlaceSearchViewController.swift; sourceTree = "<group>"; };
		8E74E54C1FA9FFF5005F72DA /* PlaceResultsViewController.swift */ = {isa = PBXFileReference; lastKnownFileType = sourcecode.swift; path = PlaceResultsViewController.swift; sourceTree = "<group>"; };
		8E7A2FF71F8313C6004EAE6A /* OrganizerService.swift */ = {isa = PBXFileReference; fileEncoding = 4; lastKnownFileType = sourcecode.swift; path = OrganizerService.swift; sourceTree = "<group>"; };
		8E7A2FFB1F83256E004EAE6A /* Promotion.swift */ = {isa = PBXFileReference; fileEncoding = 4; lastKnownFileType = sourcecode.swift; path = Promotion.swift; sourceTree = "<group>"; };
		8E7A2FFD1F8329D8004EAE6A /* PromoCell.swift */ = {isa = PBXFileReference; fileEncoding = 4; lastKnownFileType = sourcecode.swift; path = PromoCell.swift; sourceTree = "<group>"; };
		8E7A2FFF1F833969004EAE6A /* PromotionService.swift */ = {isa = PBXFileReference; fileEncoding = 4; lastKnownFileType = sourcecode.swift; path = PromotionService.swift; sourceTree = "<group>"; };
		8E7CABFD1F8D8B8D0095084D /* PaymentCell.swift */ = {isa = PBXFileReference; lastKnownFileType = sourcecode.swift; path = PaymentCell.swift; sourceTree = "<group>"; };
		8E99730A1CE9FA2A00054664 /* Balizinha-Bridging-Header.h */ = {isa = PBXFileReference; lastKnownFileType = sourcecode.c.h; path = "Balizinha-Bridging-Header.h"; sourceTree = "<group>"; };
		8E9D41902138169200BEBA79 /* GoogleService-Info-prod.plist */ = {isa = PBXFileReference; fileEncoding = 4; lastKnownFileType = text.plist.xml; path = "GoogleService-Info-prod.plist"; sourceTree = "<group>"; };
		8E9D4192213816E300BEBA79 /* GoogleService-Info-dev.plist */ = {isa = PBXFileReference; fileEncoding = 4; lastKnownFileType = text.plist.xml; path = "GoogleService-Info-dev.plist"; sourceTree = "<group>"; };
		8E9FED6D1FE0E5F600D983AE /* LocationSettingCell.swift */ = {isa = PBXFileReference; lastKnownFileType = sourcecode.swift; path = LocationSettingCell.swift; sourceTree = "<group>"; };
		8EB29278212F77AA0007BAF8 /* PinpointViewController.swift */ = {isa = PBXFileReference; lastKnownFileType = sourcecode.swift; path = PinpointViewController.swift; sourceTree = "<group>"; };
		8EB865F9208BE8440029079A /* PlayerLeaguesViewController.swift */ = {isa = PBXFileReference; lastKnownFileType = sourcecode.swift; path = PlayerLeaguesViewController.swift; sourceTree = "<group>"; };
		8EB90B381FB2B8D5007C60F0 /* Tutorial.storyboard */ = {isa = PBXFileReference; lastKnownFileType = file.storyboard; path = Tutorial.storyboard; sourceTree = "<group>"; };
		8EB90B3A1FB2BABE007C60F0 /* TutorialViewController.swift */ = {isa = PBXFileReference; lastKnownFileType = sourcecode.swift; path = TutorialViewController.swift; sourceTree = "<group>"; };
		8EBABEBA211616A2009DD867 /* FacebookService.swift */ = {isa = PBXFileReference; fileEncoding = 4; lastKnownFileType = sourcecode.swift; path = FacebookService.swift; sourceTree = "<group>"; };
		8EBEDDBF20DFD13800FD8BCE /* LeagueViewController.swift */ = {isa = PBXFileReference; lastKnownFileType = sourcecode.swift; path = LeagueViewController.swift; sourceTree = "<group>"; };
		8EBF1C381E7965BA0057871F /* PlayerViewController.swift */ = {isa = PBXFileReference; fileEncoding = 4; lastKnownFileType = sourcecode.swift; path = PlayerViewController.swift; sourceTree = "<group>"; };
		8EC2EFEA1F60D6F90081FF68 /* UIDatePickerHelper.swift */ = {isa = PBXFileReference; fileEncoding = 4; lastKnownFileType = sourcecode.swift; path = UIDatePickerHelper.swift; sourceTree = "<group>"; };
		8EC799261E35AA02004ACC52 /* MapViewController.swift */ = {isa = PBXFileReference; fileEncoding = 4; lastKnownFileType = sourcecode.swift; path = MapViewController.swift; sourceTree = "<group>"; };
		8EC799281E363549004ACC52 /* Account.storyboard */ = {isa = PBXFileReference; fileEncoding = 4; lastKnownFileType = file.storyboard; path = Account.storyboard; sourceTree = "<group>"; };
		8EC7992A1E3635A0004ACC52 /* Events.storyboard */ = {isa = PBXFileReference; fileEncoding = 4; lastKnownFileType = file.storyboard; path = Events.storyboard; sourceTree = "<group>"; };
		8EC7992C1E3635A8004ACC52 /* Calendar.storyboard */ = {isa = PBXFileReference; fileEncoding = 4; lastKnownFileType = file.storyboard; path = Calendar.storyboard; sourceTree = "<group>"; };
		8EC7992E1E3636A0004ACC52 /* EventDetails.storyboard */ = {isa = PBXFileReference; fileEncoding = 4; lastKnownFileType = file.storyboard; path = EventDetails.storyboard; sourceTree = "<group>"; };
		8ECD58E01CDF853500AD2B13 /* Splash.storyboard */ = {isa = PBXFileReference; fileEncoding = 4; lastKnownFileType = file.storyboard; path = Splash.storyboard; sourceTree = "<group>"; };
		8ECD58E41CDFB7F500AD2B13 /* UIViewController+Utils.swift */ = {isa = PBXFileReference; fileEncoding = 4; lastKnownFileType = sourcecode.swift; path = "UIViewController+Utils.swift"; sourceTree = "<group>"; };
		8ECD58E61CDFBF6B00AD2B13 /* Constants.swift */ = {isa = PBXFileReference; fileEncoding = 4; lastKnownFileType = sourcecode.swift; path = Constants.swift; sourceTree = "<group>"; };
		8ED3DE761E330CB700947040 /* Balizinha.entitlements */ = {isa = PBXFileReference; lastKnownFileType = text.plist.entitlements; path = Balizinha.entitlements; sourceTree = "<group>"; };
		8ED3FE5220E3325E00D43F7E /* LeaguePlayersViewController.swift */ = {isa = PBXFileReference; fileEncoding = 4; lastKnownFileType = sourcecode.swift; path = LeaguePlayersViewController.swift; sourceTree = "<group>"; };
		8ED897552109FA5B0062D345 /* ActivityIndicatorOverlay.swift */ = {isa = PBXFileReference; lastKnownFileType = sourcecode.swift; path = ActivityIndicatorOverlay.swift; sourceTree = "<group>"; };
		8EDA009B1F6597060080F446 /* RemoteDataService.swift */ = {isa = PBXFileReference; fileEncoding = 4; lastKnownFileType = sourcecode.swift; path = RemoteDataService.swift; sourceTree = "<group>"; };
		8EDA009D1F6597BC0080F446 /* LoggingService.swift */ = {isa = PBXFileReference; fileEncoding = 4; lastKnownFileType = sourcecode.swift; path = LoggingService.swift; sourceTree = "<group>"; };
		8EDD13E81FEB78C10039F1A7 /* ShareService.swift */ = {isa = PBXFileReference; lastKnownFileType = sourcecode.swift; path = ShareService.swift; sourceTree = "<group>"; };
		8EDD97A220E915B100D9A1A2 /* EventLeagueSelectorViewController.swift */ = {isa = PBXFileReference; lastKnownFileType = sourcecode.swift; path = EventLeagueSelectorViewController.swift; sourceTree = "<group>"; };
		8EDFB1B91E3D3F00006DD187 /* LocationService.swift */ = {isa = PBXFileReference; fileEncoding = 4; lastKnownFileType = sourcecode.swift; path = LocationService.swift; sourceTree = "<group>"; };
		8EE5B31C1E7C109B00BC72A5 /* EventPhotoCell.swift */ = {isa = PBXFileReference; fileEncoding = 4; lastKnownFileType = sourcecode.swift; path = EventPhotoCell.swift; sourceTree = "<group>"; };
		8EE5B3251E7F363A00BC72A5 /* OrganizerViewController.swift */ = {isa = PBXFileReference; fileEncoding = 4; lastKnownFileType = sourcecode.swift; path = OrganizerViewController.swift; sourceTree = "<group>"; };
		8EE5B3271E7F365200BC72A5 /* PlayerIcon.swift */ = {isa = PBXFileReference; fileEncoding = 4; lastKnownFileType = sourcecode.swift; path = PlayerIcon.swift; sourceTree = "<group>"; };
		8EE94E461FF93DB700129EC2 /* Launch.storyboard */ = {isa = PBXFileReference; lastKnownFileType = file.storyboard; path = Launch.storyboard; sourceTree = "<group>"; };
		8EF167F6208BEBA200257354 /* FirebaseModelIcon.swift */ = {isa = PBXFileReference; lastKnownFileType = sourcecode.swift; path = FirebaseModelIcon.swift; sourceTree = "<group>"; };
		8EF167F8208BEE4A00257354 /* LeagueIcon.swift */ = {isa = PBXFileReference; lastKnownFileType = sourcecode.swift; path = LeagueIcon.swift; sourceTree = "<group>"; };
		8EF25BC41E88161A0079E90B /* ToggleCell.swift */ = {isa = PBXFileReference; fileEncoding = 4; lastKnownFileType = sourcecode.swift; path = ToggleCell.swift; sourceTree = "<group>"; };
		8EF7F9F420E339A20037962E /* LeaguePlayerCell.swift */ = {isa = PBXFileReference; fileEncoding = 4; lastKnownFileType = sourcecode.swift; path = LeaguePlayerCell.swift; sourceTree = "<group>"; };
		94979895EDCB6BB23785280B /* Pods-PannaTests.debug.xcconfig */ = {isa = PBXFileReference; includeInIndex = 1; lastKnownFileType = text.xcconfig; name = "Pods-PannaTests.debug.xcconfig"; path = "Pods/Target Support Files/Pods-PannaTests/Pods-PannaTests.debug.xcconfig"; sourceTree = "<group>"; };
		A0D15278000DD83DBDA515A9 /* Pods-BalizinhaTests.release.xcconfig */ = {isa = PBXFileReference; includeInIndex = 1; lastKnownFileType = text.xcconfig; name = "Pods-BalizinhaTests.release.xcconfig"; path = "Pods/Target Support Files/Pods-BalizinhaTests/Pods-BalizinhaTests.release.xcconfig"; sourceTree = "<group>"; };
		C651AB872096D6650046B03C /* read.me */ = {isa = PBXFileReference; lastKnownFileType = text; path = read.me; sourceTree = "<group>"; };
		C651AB892096D7FC0046B03C /* League.storyboard */ = {isa = PBXFileReference; lastKnownFileType = file.storyboard; path = League.storyboard; sourceTree = "<group>"; };
		C651AB8C2096D82E0046B03C /* LeaguesViewController.swift */ = {isa = PBXFileReference; lastKnownFileType = sourcecode.swift; path = LeaguesViewController.swift; sourceTree = "<group>"; };
		C69E4E822097543400F4D74B /* LeagueCell.swift */ = {isa = PBXFileReference; lastKnownFileType = sourcecode.swift; path = LeagueCell.swift; sourceTree = "<group>"; };
		C6B7412620FAD88B00B0FA00 /* JoinLeagueCell.swift */ = {isa = PBXFileReference; lastKnownFileType = sourcecode.swift; path = JoinLeagueCell.swift; sourceTree = "<group>"; };
		C6FDE5C320431ECB00FE0C76 /* ChatService.swift */ = {isa = PBXFileReference; fileEncoding = 4; lastKnownFileType = sourcecode.swift; path = ChatService.swift; sourceTree = "<group>"; };
		C779F650FFE1D803921FC3ED /* Pods-BalizinhaTests.debug.xcconfig */ = {isa = PBXFileReference; includeInIndex = 1; lastKnownFileType = text.xcconfig; name = "Pods-BalizinhaTests.debug.xcconfig"; path = "Pods/Target Support Files/Pods-BalizinhaTests/Pods-BalizinhaTests.debug.xcconfig"; sourceTree = "<group>"; };
		ED7C1F62DA3A7F54848AA802 /* Pods-Balizinha.debug.xcconfig */ = {isa = PBXFileReference; includeInIndex = 1; lastKnownFileType = text.xcconfig; name = "Pods-Balizinha.debug.xcconfig"; path = "Pods/Target Support Files/Pods-Balizinha/Pods-Balizinha.debug.xcconfig"; sourceTree = "<group>"; };
		F2048F7B1CED57170039F7BB /* EventCell.swift */ = {isa = PBXFileReference; fileEncoding = 4; lastKnownFileType = sourcecode.swift; path = EventCell.swift; sourceTree = "<group>"; };
		F2048F7D1CED59A50039F7BB /* CalendarViewController.swift */ = {isa = PBXFileReference; fileEncoding = 4; lastKnownFileType = sourcecode.swift; path = CalendarViewController.swift; sourceTree = "<group>"; };
		F21571F41D200B7C00D2F59A /* EventDisplayViewController.swift */ = {isa = PBXFileReference; fileEncoding = 4; lastKnownFileType = sourcecode.swift; path = EventDisplayViewController.swift; sourceTree = "<group>"; };
		F250A7FB1CFF1588003A7DEA /* TransparentTextField.swift */ = {isa = PBXFileReference; fileEncoding = 4; lastKnownFileType = sourcecode.swift; path = TransparentTextField.swift; sourceTree = "<group>"; };
		F2C0F11F1CF3E8BB00CB98F1 /* EventsViewController.swift */ = {isa = PBXFileReference; fileEncoding = 4; lastKnownFileType = sourcecode.swift; path = EventsViewController.swift; sourceTree = "<group>"; };
		F2F7C3B71CEE109000350115 /* DetailCell.swift */ = {isa = PBXFileReference; fileEncoding = 4; lastKnownFileType = sourcecode.swift; path = DetailCell.swift; sourceTree = "<group>"; };
		F2F7C3B91CEE10E800350115 /* DescriptionCell.swift */ = {isa = PBXFileReference; fileEncoding = 4; lastKnownFileType = sourcecode.swift; path = DescriptionCell.swift; sourceTree = "<group>"; };
		F2F7C3BC1CEE11B300350115 /* CreateEventViewController.swift */ = {isa = PBXFileReference; fileEncoding = 4; lastKnownFileType = sourcecode.swift; path = CreateEventViewController.swift; sourceTree = "<group>"; };
		F2F7C3BF1CEE296A00350115 /* AccountViewController.swift */ = {isa = PBXFileReference; fileEncoding = 4; lastKnownFileType = sourcecode.swift; path = AccountViewController.swift; sourceTree = "<group>"; };
		F2F7C3C11CEE2CDD00350115 /* PushTableViewCell.swift */ = {isa = PBXFileReference; fileEncoding = 4; lastKnownFileType = sourcecode.swift; path = PushTableViewCell.swift; sourceTree = "<group>"; };
		F3ECC67839D6AA22A6465193 /* Pods-LotSportz.debug.xcconfig */ = {isa = PBXFileReference; includeInIndex = 1; lastKnownFileType = text.xcconfig; name = "Pods-LotSportz.debug.xcconfig"; path = "Pods/Target Support Files/Pods-LotSportz/Pods-LotSportz.debug.xcconfig"; sourceTree = "<group>"; };
		FEB029C312810BD330360991 /* Pods-PannaTests.release.xcconfig */ = {isa = PBXFileReference; includeInIndex = 1; lastKnownFileType = text.xcconfig; name = "Pods-PannaTests.release.xcconfig"; path = "Pods/Target Support Files/Pods-PannaTests/Pods-PannaTests.release.xcconfig"; sourceTree = "<group>"; };
/* End PBXFileReference section */

/* Begin PBXFrameworksBuildPhase section */
		8E1F3CBA1F8B9A95005186AD /* Frameworks */ = {
			isa = PBXFrameworksBuildPhase;
			buildActionMask = 2147483647;
			files = (
				CD846D2DD676A1022A2BD907 /* Pods_PannaTests.framework in Frameworks */,
			);
			runOnlyForDeploymentPostprocessing = 0;
		};
		8E7256931CDF793100C9E054 /* Frameworks */ = {
			isa = PBXFrameworksBuildPhase;
			buildActionMask = 2147483647;
			files = (
				AF13F159616F0AD794E5FFA9 /* Pods_Panna.framework in Frameworks */,
			);
			runOnlyForDeploymentPostprocessing = 0;
		};
/* End PBXFrameworksBuildPhase section */

/* Begin PBXGroup section */
		1A53F01B36D3404A3B964FE7 /* Frameworks */ = {
			isa = PBXGroup;
			children = (
				75AF04F244D31D4B039DF4B6 /* Pods.framework */,
				2393261844733F0603E5A8AF /* Pods_LotSportz.framework */,
				1F3607E28372CEBCAF774CB7 /* Pods_Panna.framework */,
				4981281AEA3B60CCD66E677C /* Pods_PannaTests.framework */,
			);
			name = Frameworks;
			sourceTree = "<group>";
		};
		878F3F8CB0175474EC745B40 /* Pods */ = {
			isa = PBXGroup;
			children = (
				F3ECC67839D6AA22A6465193 /* Pods-LotSportz.debug.xcconfig */,
				72850730339D7BDEAC192B33 /* Pods-LotSportz.release.xcconfig */,
				ED7C1F62DA3A7F54848AA802 /* Pods-Balizinha.debug.xcconfig */,
				5EEC7A03F1D4279355F0F9CC /* Pods-Balizinha.release.xcconfig */,
				C779F650FFE1D803921FC3ED /* Pods-BalizinhaTests.debug.xcconfig */,
				A0D15278000DD83DBDA515A9 /* Pods-BalizinhaTests.release.xcconfig */,
				3036416C96F302F53056AE96 /* Pods-Panna.debug.xcconfig */,
				6DA134C2A34195C7956CE667 /* Pods-Panna.release.xcconfig */,
				94979895EDCB6BB23785280B /* Pods-PannaTests.debug.xcconfig */,
				FEB029C312810BD330360991 /* Pods-PannaTests.release.xcconfig */,
			);
			name = Pods;
			sourceTree = "<group>";
		};
		8E19A4A71E6C7FCE00D301EC /* Account */ = {
			isa = PBXGroup;
			children = (
				F2F7C3BF1CEE296A00350115 /* AccountViewController.swift */,
				8E19A49B1E6C61BA00D301EC /* PlayerInfoViewController.swift */,
				8EBF1C381E7965BA0057871F /* PlayerViewController.swift */,
				8EB865F9208BE8440029079A /* PlayerLeaguesViewController.swift */,
			);
			name = Account;
			sourceTree = "<group>";
		};
		8E19A4A81E6C933400D301EC /* Event Details */ = {
			isa = PBXGroup;
			children = (
				F21571F41D200B7C00D2F59A /* EventDisplayViewController.swift */,
				8EE5B3251E7F363A00BC72A5 /* OrganizerViewController.swift */,
				8E19A4A91E6C9C7500D301EC /* ExpandableMapViewController.swift */,
				8E19A4AF1E6C9CF200D301EC /* PaymentTypesViewController.swift */,
				8E19A4AD1E6C9CB300D301EC /* EventActivityViewController.swift */,
				8E54213D1E70CEF100AE4F3A /* ChatInputViewController.swift */,
				8E179079207B03C9004FF5D2 /* AttendeesViewController.swift */,
			);
			name = "Event Details";
			sourceTree = "<group>";
		};
		8E1F3CBE1F8B9A95005186AD /* BalizinhaTests */ = {
			isa = PBXGroup;
			children = (
				8E59662C1F8B98BA007A814A /* EventCellDonationTests.swift */,
				8E1F3CBF1F8B9A95005186AD /* BalizinhaTests.swift */,
				8E1F3CC11F8B9A95005186AD /* Info.plist */,
				8E7016D3207AA8A200A4C28C /* UpgradeServiceTests.swift */,
			);
			path = BalizinhaTests;
			sourceTree = "<group>";
		};
		8E379F061CE58AFB00C91A12 /* Models */ = {
			isa = PBXGroup;
			children = (
				8E7A2FFB1F83256E004EAE6A /* Promotion.swift */,
			);
			name = Models;
			sourceTree = "<group>";
		};
		8E379F0B1CE58F9400C91A12 /* Services */ = {
			isa = PBXGroup;
			children = (
				8EBABEBA211616A2009DD867 /* FacebookService.swift */,
				8E7016D1207A9D0400A4C28C /* UpgradeService.swift */,
				8EDFB1B91E3D3F00006DD187 /* LocationService.swift */,
				8E49E7282100B847009F1B5D /* JoinEventHelper.swift */,
				8E39FE8D1D237C710030CB96 /* NotificationService.swift */,
				C6FDE5C320431ECB00FE0C76 /* ChatService.swift */,
				8EDA009B1F6597060080F446 /* RemoteDataService.swift */,
				8EDA009D1F6597BC0080F446 /* LoggingService.swift */,
				8E116D551F7209C40067B6F5 /* SettingsService.swift */,
				8E116D571F74A66C0067B6F5 /* StripeService.swift */,
				8E7A2FF71F8313C6004EAE6A /* OrganizerService.swift */,
				8E7A2FFF1F833969004EAE6A /* PromotionService.swift */,
				8EDD13E81FEB78C10039F1A7 /* ShareService.swift */,
				8E16A59D1FECB34400D24D69 /* DeepLinkService.swift */,
			);
			name = Services;
			sourceTree = "<group>";
		};
		8E379F0D1CE593C300C91A12 /* Storyboards */ = {
			isa = PBXGroup;
			children = (
				8EE94E461FF93DB700129EC2 /* Launch.storyboard */,
				8ECD58E01CDF853500AD2B13 /* Splash.storyboard */,
				8EB90B381FB2B8D5007C60F0 /* Tutorial.storyboard */,
				8E72569D1CDF793200C9E054 /* LoginSignup.storyboard */,
				8E11E42B1E31B80800DB4B27 /* Main.storyboard */,
				8EC799281E363549004ACC52 /* Account.storyboard */,
				8EC7992A1E3635A0004ACC52 /* Events.storyboard */,
				8EC7992C1E3635A8004ACC52 /* Calendar.storyboard */,
				8EC7992E1E3636A0004ACC52 /* EventDetails.storyboard */,
				8E179077207B0324004FF5D2 /* Attendance.storyboard */,
				C651AB892096D7FC0046B03C /* League.storyboard */,
			);
			name = Storyboards;
			sourceTree = "<group>";
		};
		8E6AE5431F8E5DAD0062DCF5 /* ViewModels */ = {
			isa = PBXGroup;
			children = (
				8E6AE5441F8E5DBA0062DCF5 /* PaymentViewModel.swift */,
				8E1B00551FC2E8FF00420256 /* TutorialButtonViewModel.swift */,
				8E0F568620159931001E8909 /* OrganizerCellViewModel.swift */,
			);
			name = ViewModels;
			sourceTree = "<group>";
		};
		8E710D61212F7748004A8D48 /* Places */ = {
			isa = PBXGroup;
			children = (
				8E74E54A1FA9FB51005F72DA /* PlaceSearchViewController.swift */,
				8E74E54C1FA9FFF5005F72DA /* PlaceResultsViewController.swift */,
				8EB29278212F77AA0007BAF8 /* PinpointViewController.swift */,
			);
			name = Places;
			sourceTree = "<group>";
		};
		8E72568D1CDF793100C9E054 = {
			isa = PBXGroup;
			children = (
				8E7256981CDF793200C9E054 /* Balizinha */,
				8E1F3CBE1F8B9A95005186AD /* BalizinhaTests */,
				8E7256971CDF793100C9E054 /* Products */,
				1A53F01B36D3404A3B964FE7 /* Frameworks */,
				878F3F8CB0175474EC745B40 /* Pods */,
			);
			sourceTree = "<group>";
		};
		8E7256971CDF793100C9E054 /* Products */ = {
			isa = PBXGroup;
			children = (
				8E7256961CDF793100C9E054 /* Panna.app */,
				8E1F3CBD1F8B9A95005186AD /* PannaTests.xctest */,
			);
			name = Products;
			sourceTree = "<group>";
		};
		8E7256981CDF793200C9E054 /* Balizinha */ = {
			isa = PBXGroup;
			children = (
				8E710D61212F7748004A8D48 /* Places */,
				C651AB8B2096D81F0046B03C /* Leagues */,
				8ED3DE761E330CB700947040 /* Balizinha.entitlements */,
				8E7256991CDF793200C9E054 /* AppDelegate.swift */,
				8E11E42D1E31B8E700DB4B27 /* ConfigurableNavigationController.swift */,
				F20AD03C1D26C10000969990 /* Login/Signup */,
				8E379F061CE58AFB00C91A12 /* Models */,
				8E379F0B1CE58F9400C91A12 /* Services */,
				8E379F0D1CE593C300C91A12 /* Storyboards */,
				8E19A4A71E6C7FCE00D301EC /* Account */,
				F2F7C3BE1CEE11BE00350115 /* Events */,
				8E19A4A81E6C933400D301EC /* Event Details */,
				8E6AE5431F8E5DAD0062DCF5 /* ViewModels */,
				8E9F0CD9208BEB640000886E /* Views */,
				F2F7C3BB1CEE10F700350115 /* Cells */,
				F20AD03B1D26C0F500969990 /* Utils */,
				8E7397E91FF921AA00D48BA0 /* Fonts */,
			);
			path = Balizinha;
			sourceTree = "<group>";
		};
		8E7397E91FF921AA00D48BA0 /* Fonts */ = {
			isa = PBXGroup;
			children = (
				8E7397F91FF921D500D48BA0 /* Montserrat-Black.ttf */,
				8E7397F81FF921D400D48BA0 /* Montserrat-BlackItalic.ttf */,
				8E7397EB1FF921C300D48BA0 /* Montserrat-Bold.ttf */,
				8E7397EC1FF921C400D48BA0 /* Montserrat-BoldItalic.ttf */,
				8E7397FA1FF921D700D48BA0 /* Montserrat-ExtraBold.ttf */,
				8E7397F61FF921D200D48BA0 /* Montserrat-ExtraBoldItalic.ttf */,
				8E7397FB1FF921D900D48BA0 /* Montserrat-ExtraLight.ttf */,
				8E7397F51FF921D100D48BA0 /* Montserrat-ExtraLightItalic.ttf */,
				8E7397EF1FF921C600D48BA0 /* Montserrat-Italic.ttf */,
				8E7397F01FF921CA00D48BA0 /* Montserrat-Light.ttf */,
				8E7397F71FF921D300D48BA0 /* Montserrat-LightItalic.ttf */,
				8E7397EA1FF921C200D48BA0 /* Montserrat-Medium.ttf */,
				8E7397F41FF921D000D48BA0 /* Montserrat-MediumItalic.ttf */,
				8E7397ED1FF921C400D48BA0 /* Montserrat-Regular.ttf */,
				8E7397F21FF921CD00D48BA0 /* Montserrat-SemiBold.ttf */,
				8E7397F31FF921CE00D48BA0 /* Montserrat-SemiBoldItalic.ttf */,
				8E7397F11FF921CC00D48BA0 /* Montserrat-Thin.ttf */,
				8E7397EE1FF921C500D48BA0 /* Montserrat-ThinItalic.ttf */,
			);
			path = Fonts;
			sourceTree = "<group>";
		};
		8E9F0CD9208BEB640000886E /* Views */ = {
			isa = PBXGroup;
			children = (
				8EF167F6208BEBA200257354 /* FirebaseModelIcon.swift */,
				8EE5B3271E7F365200BC72A5 /* PlayerIcon.swift */,
				8EF167F8208BEE4A00257354 /* LeagueIcon.swift */,
				F250A7FB1CFF1588003A7DEA /* TransparentTextField.swift */,
				8E48AF7B20DFD62500D814BE /* ResizableTagView.swift */,
				8E48AF8520DFEE9700D814BE /* PlayersScrollView.swift */,
				8E571A0220E25E2B003AB202 /* RAImageView.swift */,
				8ED897552109FA5B0062D345 /* ActivityIndicatorOverlay.swift */,
			);
			name = Views;
			sourceTree = "<group>";
		};
		C651AB8B2096D81F0046B03C /* Leagues */ = {
			isa = PBXGroup;
			children = (
				C651AB8C2096D82E0046B03C /* LeaguesViewController.swift */,
				8EBEDDBF20DFD13800FD8BCE /* LeagueViewController.swift */,
				8ED3FE5220E3325E00D43F7E /* LeaguePlayersViewController.swift */,
			);
			name = Leagues;
			sourceTree = "<group>";
		};
		F20AD03B1D26C0F500969990 /* Utils */ = {
			isa = PBXGroup;
			children = (
				8E9D4192213816E300BEBA79 /* GoogleService-Info-dev.plist */,
				8E9D41902138169200BEBA79 /* GoogleService-Info-prod.plist */,
				8E19A4A11E6C658600D301EC /* String+Utils.swift */,
				8E4D36741F8BA47900B8B0B5 /* Date+Utils.swift */,
				8E4D36711F8BA45900B8B0B5 /* NSObject+Utils.swift */,
				8E99730A1CE9FA2A00054664 /* Balizinha-Bridging-Header.h */,
				8E7256A01CDF793200C9E054 /* Assets.xcassets */,
				8E7256A51CDF793200C9E054 /* Info.plist */,
				8ECD58E41CDFB7F500AD2B13 /* UIViewController+Utils.swift */,
				8ECD58E61CDFBF6B00AD2B13 /* Constants.swift */,
				C651AB872096D6650046B03C /* read.me */,
			);
			name = Utils;
			sourceTree = "<group>";
		};
		F20AD03C1D26C10000969990 /* Login/Signup */ = {
			isa = PBXGroup;
			children = (
				8E11E4291E31B07900DB4B27 /* SplashViewController.swift */,
				8E72569B1CDF793200C9E054 /* LoginViewController.swift */,
				8E7256AC1CDF7DB600C9E054 /* SignupViewController.swift */,
				8EB90B3A1FB2BABE007C60F0 /* TutorialViewController.swift */,
				8E1B00531FC2CC8B00420256 /* TutoriaPageViewController.swift */,
			);
			name = Login/Signup;
			sourceTree = "<group>";
		};
		F2F7C3BB1CEE10F700350115 /* Cells */ = {
			isa = PBXGroup;
			children = (
				F2048F7B1CED57170039F7BB /* EventCell.swift */,
				F2F7C3B71CEE109000350115 /* DetailCell.swift */,
				8EE5B31C1E7C109B00BC72A5 /* EventPhotoCell.swift */,
				F2F7C3B91CEE10E800350115 /* DescriptionCell.swift */,
				8E54213F1E70DF8700AE4F3A /* ActionCell.swift */,
				8EF25BC41E88161A0079E90B /* ToggleCell.swift */,
				8E7A2FFD1F8329D8004EAE6A /* PromoCell.swift */,
				F2F7C3C11CEE2CDD00350115 /* PushTableViewCell.swift */,
				8E9FED6D1FE0E5F600D983AE /* LocationSettingCell.swift */,
				8E7CABFD1F8D8B8D0095084D /* PaymentCell.swift */,
				8E0F5684201598CD001E8909 /* OrganizerCell.swift */,
				8E17907B207B043F004FF5D2 /* PlayerCell.swift */,
				C69E4E822097543400F4D74B /* LeagueCell.swift */,
				8E48AF7D20DFDA0C00D814BE /* LeagueTitleCell.swift */,
				8E48AF7F20DFDE1700D814BE /* LeagueTagsCell.swift */,
				8E48AF8120DFE21800D814BE /* LeagueInfoCell.swift */,
				8E48AF8320DFE91C00D814BE /* LeaguePlayersCell.swift */,
				8EF7F9F420E339A20037962E /* LeaguePlayerCell.swift */,
				C6B7412620FAD88B00B0FA00 /* JoinLeagueCell.swift */,
			);
			name = Cells;
			sourceTree = "<group>";
		};
		F2F7C3BE1CEE11BE00350115 /* Events */ = {
			isa = PBXGroup;
			children = (
				F2F7C3BC1CEE11B300350115 /* CreateEventViewController.swift */,
				8EC2EFEA1F60D6F90081FF68 /* UIDatePickerHelper.swift */,
				F2C0F11F1CF3E8BB00CB98F1 /* EventsViewController.swift */,
				8EC799261E35AA02004ACC52 /* MapViewController.swift */,
				F2048F7D1CED59A50039F7BB /* CalendarViewController.swift */,
				8EDD97A220E915B100D9A1A2 /* EventLeagueSelectorViewController.swift */,
			);
			name = Events;
			sourceTree = "<group>";
		};
/* End PBXGroup section */

/* Begin PBXNativeTarget section */
		8E1F3CBC1F8B9A95005186AD /* PannaTests */ = {
			isa = PBXNativeTarget;
			buildConfigurationList = 8E1F3CC61F8B9A95005186AD /* Build configuration list for PBXNativeTarget "PannaTests" */;
			buildPhases = (
				EC86D2D5A52C1CC9D837E1A7 /* [CP] Check Pods Manifest.lock */,
				8E1F3CB91F8B9A95005186AD /* Sources */,
				8E1F3CBA1F8B9A95005186AD /* Frameworks */,
				8E1F3CBB1F8B9A95005186AD /* Resources */,
			);
			buildRules = (
			);
			dependencies = (
				8E1F3CC31F8B9A95005186AD /* PBXTargetDependency */,
			);
			name = PannaTests;
			productName = BalizinhaTests;
			productReference = 8E1F3CBD1F8B9A95005186AD /* PannaTests.xctest */;
			productType = "com.apple.product-type.bundle.unit-test";
		};
		8E7256951CDF793100C9E054 /* Panna */ = {
			isa = PBXNativeTarget;
			buildConfigurationList = 8E7256A81CDF793200C9E054 /* Build configuration list for PBXNativeTarget "Panna" */;
			buildPhases = (
				BD4034CDECCE5F82AD70949C /* [CP] Check Pods Manifest.lock */,
				8E7256921CDF793100C9E054 /* Sources */,
				8E7256931CDF793100C9E054 /* Frameworks */,
				8E7256941CDF793100C9E054 /* Resources */,
				A19D6FD1E4BFA71C9C85111A /* [CP] Embed Pods Frameworks */,
				C6502BDC21260D25004A3EED /* ShellScript */,
			);
			buildRules = (
			);
			dependencies = (
			);
			name = Panna;
			productName = LotSportz;
			productReference = 8E7256961CDF793100C9E054 /* Panna.app */;
			productType = "com.apple.product-type.application";
		};
/* End PBXNativeTarget section */

/* Begin PBXProject section */
		8E72568E1CDF793100C9E054 /* Project object */ = {
			isa = PBXProject;
			attributes = {
				LastSwiftUpdateCheck = 0900;
				LastUpgradeCheck = 0930;
				ORGANIZATIONNAME = "Bobby Ren";
				TargetAttributes = {
					8E1F3CBC1F8B9A95005186AD = {
						CreatedOnToolsVersion = 9.0;
						DevelopmentTeam = H799H8B8DD;
						ProvisioningStyle = Automatic;
						TestTargetID = 8E7256951CDF793100C9E054;
					};
					8E7256951CDF793100C9E054 = {
						CreatedOnToolsVersion = 7.3.1;
						DevelopmentTeam = H799H8B8DD;
						LastSwiftMigration = 0910;
						ProvisioningStyle = Automatic;
						SystemCapabilities = {
							com.apple.Push = {
								enabled = 1;
							};
						};
					};
				};
			};
			buildConfigurationList = 8E7256911CDF793100C9E054 /* Build configuration list for PBXProject "Panna" */;
			compatibilityVersion = "Xcode 3.2";
			developmentRegion = English;
			hasScannedForEncodings = 0;
			knownRegions = (
				en,
				Base,
			);
			mainGroup = 8E72568D1CDF793100C9E054;
			productRefGroup = 8E7256971CDF793100C9E054 /* Products */;
			projectDirPath = "";
			projectRoot = "";
			targets = (
				8E7256951CDF793100C9E054 /* Panna */,
				8E1F3CBC1F8B9A95005186AD /* PannaTests */,
			);
		};
/* End PBXProject section */

/* Begin PBXResourcesBuildPhase section */
		8E1F3CBB1F8B9A95005186AD /* Resources */ = {
			isa = PBXResourcesBuildPhase;
			buildActionMask = 2147483647;
			files = (
			);
			runOnlyForDeploymentPostprocessing = 0;
		};
		8E7256941CDF793100C9E054 /* Resources */ = {
			isa = PBXResourcesBuildPhase;
			buildActionMask = 2147483647;
			files = (
				8E7398021FF921E500D48BA0 /* Montserrat-ExtraLight.ttf in Resources */,
				8E7398001FF921E500D48BA0 /* Montserrat-ExtraBold.ttf in Resources */,
				8EC7992D1E3635A8004ACC52 /* Calendar.storyboard in Resources */,
				C651AB882096D6650046B03C /* read.me in Resources */,
				8E7397FD1FF921E500D48BA0 /* Montserrat-BlackItalic.ttf in Resources */,
				8E7256A11CDF793200C9E054 /* Assets.xcassets in Resources */,
				8E179078207B0324004FF5D2 /* Attendance.storyboard in Resources */,
				8E72569F1CDF793200C9E054 /* LoginSignup.storyboard in Resources */,
				C651AB8A2096D7FC0046B03C /* League.storyboard in Resources */,
				8E73980A1FF921E500D48BA0 /* Montserrat-SemiBold.ttf in Resources */,
				8E7398091FF921E500D48BA0 /* Montserrat-Regular.ttf in Resources */,
				8E7398051FF921E500D48BA0 /* Montserrat-Light.ttf in Resources */,
				8E9D41912138169300BEBA79 /* GoogleService-Info-prod.plist in Resources */,
				8E7398041FF921E500D48BA0 /* Montserrat-Italic.ttf in Resources */,
				8ECD58E11CDF853500AD2B13 /* Splash.storyboard in Resources */,
				8E7397FE1FF921E500D48BA0 /* Montserrat-Bold.ttf in Resources */,
				8E7397FC1FF921E500D48BA0 /* Montserrat-Black.ttf in Resources */,
				8E73980D1FF921E500D48BA0 /* Montserrat-ThinItalic.ttf in Resources */,
				8E73980B1FF921E500D48BA0 /* Montserrat-SemiBoldItalic.ttf in Resources */,
				8E7398011FF921E500D48BA0 /* Montserrat-ExtraBoldItalic.ttf in Resources */,
				8E7398061FF921E500D48BA0 /* Montserrat-LightItalic.ttf in Resources */,
				8E73980C1FF921E500D48BA0 /* Montserrat-Thin.ttf in Resources */,
				8E7397FF1FF921E500D48BA0 /* Montserrat-BoldItalic.ttf in Resources */,
				8E7398081FF921E500D48BA0 /* Montserrat-MediumItalic.ttf in Resources */,
				8E11E42C1E31B80800DB4B27 /* Main.storyboard in Resources */,
				8EC7992F1E3636A0004ACC52 /* EventDetails.storyboard in Resources */,
				8EE94E471FF93DB700129EC2 /* Launch.storyboard in Resources */,
				8EC7992B1E3635A0004ACC52 /* Events.storyboard in Resources */,
				8E7398031FF921E500D48BA0 /* Montserrat-ExtraLightItalic.ttf in Resources */,
				8EB90B391FB2B8D5007C60F0 /* Tutorial.storyboard in Resources */,
				8E7398071FF921E500D48BA0 /* Montserrat-Medium.ttf in Resources */,
				8E9D4193213816E400BEBA79 /* GoogleService-Info-dev.plist in Resources */,
				8EC799291E363549004ACC52 /* Account.storyboard in Resources */,
			);
			runOnlyForDeploymentPostprocessing = 0;
		};
/* End PBXResourcesBuildPhase section */

/* Begin PBXShellScriptBuildPhase section */
		A19D6FD1E4BFA71C9C85111A /* [CP] Embed Pods Frameworks */ = {
			isa = PBXShellScriptBuildPhase;
			buildActionMask = 2147483647;
			files = (
			);
			inputPaths = (
				"${SRCROOT}/Pods/Target Support Files/Pods-Panna/Pods-Panna-frameworks.sh",
				"${BUILT_PRODUCTS_DIR}/Bolts/Bolts.framework",
				"${BUILT_PRODUCTS_DIR}/DateTools/DateTools.framework",
				"${BUILT_PRODUCTS_DIR}/FBSDKCoreKit/FBSDKCoreKit.framework",
				"${BUILT_PRODUCTS_DIR}/FBSDKLoginKit/FBSDKLoginKit.framework",
				"${BUILT_PRODUCTS_DIR}/FBSDKShareKit/FBSDKShareKit.framework",
				"${BUILT_PRODUCTS_DIR}/GTMSessionFetcher/GTMSessionFetcher.framework",
				"${BUILT_PRODUCTS_DIR}/GoogleUtilities/GoogleUtilities.framework",
				"${BUILT_PRODUCTS_DIR}/Protobuf/Protobuf.framework",
				"${BUILT_PRODUCTS_DIR}/RxCocoa/RxCocoa.framework",
				"${BUILT_PRODUCTS_DIR}/RxOptional/RxOptional.framework",
				"${BUILT_PRODUCTS_DIR}/RxSwift/RxSwift.framework",
				"${BUILT_PRODUCTS_DIR}/Stripe/Stripe.framework",
				"${BUILT_PRODUCTS_DIR}/leveldb-library/leveldb.framework",
				"${BUILT_PRODUCTS_DIR}/nanopb/nanopb.framework",
			);
			name = "[CP] Embed Pods Frameworks";
			outputPaths = (
				"${TARGET_BUILD_DIR}/${FRAMEWORKS_FOLDER_PATH}/Bolts.framework",
				"${TARGET_BUILD_DIR}/${FRAMEWORKS_FOLDER_PATH}/DateTools.framework",
				"${TARGET_BUILD_DIR}/${FRAMEWORKS_FOLDER_PATH}/FBSDKCoreKit.framework",
				"${TARGET_BUILD_DIR}/${FRAMEWORKS_FOLDER_PATH}/FBSDKLoginKit.framework",
				"${TARGET_BUILD_DIR}/${FRAMEWORKS_FOLDER_PATH}/FBSDKShareKit.framework",
				"${TARGET_BUILD_DIR}/${FRAMEWORKS_FOLDER_PATH}/GTMSessionFetcher.framework",
				"${TARGET_BUILD_DIR}/${FRAMEWORKS_FOLDER_PATH}/GoogleUtilities.framework",
				"${TARGET_BUILD_DIR}/${FRAMEWORKS_FOLDER_PATH}/Protobuf.framework",
				"${TARGET_BUILD_DIR}/${FRAMEWORKS_FOLDER_PATH}/RxCocoa.framework",
				"${TARGET_BUILD_DIR}/${FRAMEWORKS_FOLDER_PATH}/RxOptional.framework",
				"${TARGET_BUILD_DIR}/${FRAMEWORKS_FOLDER_PATH}/RxSwift.framework",
				"${TARGET_BUILD_DIR}/${FRAMEWORKS_FOLDER_PATH}/Stripe.framework",
				"${TARGET_BUILD_DIR}/${FRAMEWORKS_FOLDER_PATH}/leveldb.framework",
				"${TARGET_BUILD_DIR}/${FRAMEWORKS_FOLDER_PATH}/nanopb.framework",
			);
			runOnlyForDeploymentPostprocessing = 0;
			shellPath = /bin/sh;
			shellScript = "\"${SRCROOT}/Pods/Target Support Files/Pods-Panna/Pods-Panna-frameworks.sh\"\n";
			showEnvVarsInLog = 0;
		};
		BD4034CDECCE5F82AD70949C /* [CP] Check Pods Manifest.lock */ = {
			isa = PBXShellScriptBuildPhase;
			buildActionMask = 2147483647;
			files = (
			);
			inputPaths = (
				"${PODS_PODFILE_DIR_PATH}/Podfile.lock",
				"${PODS_ROOT}/Manifest.lock",
			);
			name = "[CP] Check Pods Manifest.lock";
			outputPaths = (
				"$(DERIVED_FILE_DIR)/Pods-Panna-checkManifestLockResult.txt",
			);
			runOnlyForDeploymentPostprocessing = 0;
			shellPath = /bin/sh;
			shellScript = "diff \"${PODS_PODFILE_DIR_PATH}/Podfile.lock\" \"${PODS_ROOT}/Manifest.lock\" > /dev/null\nif [ $? != 0 ] ; then\n    # print error to STDERR\n    echo \"error: The sandbox is not in sync with the Podfile.lock. Run 'pod install' or update your CocoaPods installation.\" >&2\n    exit 1\nfi\n# This output is used by Xcode 'outputs' to avoid re-running this script phase.\necho \"SUCCESS\" > \"${SCRIPT_OUTPUT_FILE_0}\"\n";
			showEnvVarsInLog = 0;
		};
		C6502BDC21260D25004A3EED /* ShellScript */ = {
			isa = PBXShellScriptBuildPhase;
			buildActionMask = 2147483647;
			files = (
			);
			inputPaths = (
			);
			outputPaths = (
			);
			runOnlyForDeploymentPostprocessing = 0;
			shellPath = /bin/sh;
			shellScript = "\"${PODS_ROOT}/Fabric/run\"";
		};
		EC86D2D5A52C1CC9D837E1A7 /* [CP] Check Pods Manifest.lock */ = {
			isa = PBXShellScriptBuildPhase;
			buildActionMask = 2147483647;
			files = (
			);
			inputPaths = (
				"${PODS_PODFILE_DIR_PATH}/Podfile.lock",
				"${PODS_ROOT}/Manifest.lock",
			);
			name = "[CP] Check Pods Manifest.lock";
			outputPaths = (
				"$(DERIVED_FILE_DIR)/Pods-PannaTests-checkManifestLockResult.txt",
			);
			runOnlyForDeploymentPostprocessing = 0;
			shellPath = /bin/sh;
			shellScript = "diff \"${PODS_PODFILE_DIR_PATH}/Podfile.lock\" \"${PODS_ROOT}/Manifest.lock\" > /dev/null\nif [ $? != 0 ] ; then\n    # print error to STDERR\n    echo \"error: The sandbox is not in sync with the Podfile.lock. Run 'pod install' or update your CocoaPods installation.\" >&2\n    exit 1\nfi\n# This output is used by Xcode 'outputs' to avoid re-running this script phase.\necho \"SUCCESS\" > \"${SCRIPT_OUTPUT_FILE_0}\"\n";
			showEnvVarsInLog = 0;
		};
/* End PBXShellScriptBuildPhase section */

/* Begin PBXSourcesBuildPhase section */
		8E1F3CB91F8B9A95005186AD /* Sources */ = {
			isa = PBXSourcesBuildPhase;
			buildActionMask = 2147483647;
			files = (
				8E04ED08205E19650010A649 /* DeepLinkService.swift in Sources */,
				8E4D36731F8BA46700B8B0B5 /* NSObject+Utils.swift in Sources */,
				8E4D36701F8BA36500B8B0B5 /* String+Utils.swift in Sources */,
				8E1F3CC71F8B9A9D005186AD /* EventCellDonationTests.swift in Sources */,
				8E1F3CD71F8B9B8C005186AD /* ToggleCell.swift in Sources */,
				8E1F3CD31F8B9B8C005186AD /* EventPhotoCell.swift in Sources */,
				8E1F3CD21F8B9B8C005186AD /* DetailCell.swift in Sources */,
				8E04ED01205E19650010A649 /* LoggingService.swift in Sources */,
				8E1F3CC01F8B9A95005186AD /* BalizinhaTests.swift in Sources */,
				8E4D366F1F8BA31B00B8B0B5 /* Constants.swift in Sources */,
				8E1F3CD01F8B9B8C005186AD /* TransparentTextField.swift in Sources */,
				8E1F3CD11F8B9B8C005186AD /* EventCell.swift in Sources */,
				8E04ED03205E19650010A649 /* StripeService.swift in Sources */,
				8E1F3CCF1F8B9B8C005186AD /* PushTableViewCell.swift in Sources */,
				8E1F3CD81F8B9B8C005186AD /* PromoCell.swift in Sources */,
				8E1F3CD51F8B9B8C005186AD /* ActionCell.swift in Sources */,
				8E7016D5207AABCE00A4C28C /* UpgradeService.swift in Sources */,
				8E04ED06205E19650010A649 /* PromotionService.swift in Sources */,
				8E04ECFD205E19650010A649 /* NotificationService.swift in Sources */,
				8E04ED05205E19650010A649 /* OrganizerService.swift in Sources */,
				8E04ED02205E19650010A649 /* SettingsService.swift in Sources */,
				8E04ECFA205E19650010A649 /* LocationService.swift in Sources */,
				8E1F3CCE1F8B9B85005186AD /* Promotion.swift in Sources */,
				8E4D36761F8BA48500B8B0B5 /* Date+Utils.swift in Sources */,
				8E1F3CD61F8B9B8C005186AD /* PlayerIcon.swift in Sources */,
				8E04ECFF205E19650010A649 /* ChatService.swift in Sources */,
				8E04ED07205E19650010A649 /* ShareService.swift in Sources */,
				8E04ED00205E19650010A649 /* RemoteDataService.swift in Sources */,
				8E7016D4207AA8A300A4C28C /* UpgradeServiceTests.swift in Sources */,
				8E1F3CD41F8B9B8C005186AD /* DescriptionCell.swift in Sources */,
			);
			runOnlyForDeploymentPostprocessing = 0;
		};
		8E7256921CDF793100C9E054 /* Sources */ = {
			isa = PBXSourcesBuildPhase;
			buildActionMask = 2147483647;
			files = (
				8EE5B3281E7F365200BC72A5 /* PlayerIcon.swift in Sources */,
				8E7256AD1CDF7DB600C9E054 /* SignupViewController.swift in Sources */,
				8E1B00541FC2CC8B00420256 /* TutoriaPageViewController.swift in Sources */,
				8E48AF7C20DFD62600D814BE /* ResizableTagView.swift in Sources */,
				F2F7C3C21CEE2CDD00350115 /* PushTableViewCell.swift in Sources */,
				8E17907A207B03C9004FF5D2 /* AttendeesViewController.swift in Sources */,
				8E11E42E1E31B8E700DB4B27 /* ConfigurableNavigationController.swift in Sources */,
				8EB29279212F77AA0007BAF8 /* PinpointViewController.swift in Sources */,
				8EDFB1BA1E3D3F00006DD187 /* LocationService.swift in Sources */,
				8ED3FE5320E3325E00D43F7E /* LeaguePlayersViewController.swift in Sources */,
				8E72569C1CDF793200C9E054 /* LoginViewController.swift in Sources */,
				8E16A59E1FECB34400D24D69 /* DeepLinkService.swift in Sources */,
				8EDA009C1F6597060080F446 /* RemoteDataService.swift in Sources */,
				8EBF1C391E7965BA0057871F /* PlayerViewController.swift in Sources */,
				C69E4E832097543400F4D74B /* LeagueCell.swift in Sources */,
				8E0F5685201598CD001E8909 /* OrganizerCell.swift in Sources */,
				8E74E54B1FA9FB51005F72DA /* PlaceSearchViewController.swift in Sources */,
				8EB90B3B1FB2BABE007C60F0 /* TutorialViewController.swift in Sources */,
				8E5421401E70DF8700AE4F3A /* ActionCell.swift in Sources */,
				8EDA009E1F6597BC0080F446 /* LoggingService.swift in Sources */,
				8EBEDDC020DFD13800FD8BCE /* LeagueViewController.swift in Sources */,
				F21571F51D200B7C00D2F59A /* EventDisplayViewController.swift in Sources */,
				F2F7C3BA1CEE10E800350115 /* DescriptionCell.swift in Sources */,
				8E19A4B01E6C9CF200D301EC /* PaymentTypesViewController.swift in Sources */,
				C6FDE5C420431ECB00FE0C76 /* ChatService.swift in Sources */,
				8E116D561F7209C40067B6F5 /* SettingsService.swift in Sources */,
				8E0F568720159931001E8909 /* OrganizerCellViewModel.swift in Sources */,
				8E4D36751F8BA47A00B8B0B5 /* Date+Utils.swift in Sources */,
				8EE5B3261E7F363A00BC72A5 /* OrganizerViewController.swift in Sources */,
				F2F7C3B81CEE109000350115 /* DetailCell.swift in Sources */,
				8E48AF8220DFE21800D814BE /* LeagueInfoCell.swift in Sources */,
				8E72569A1CDF793200C9E054 /* AppDelegate.swift in Sources */,
				8E7A30001F83396A004EAE6A /* PromotionService.swift in Sources */,
				8E48AF8420DFE91C00D814BE /* LeaguePlayersCell.swift in Sources */,
				8E74E54D1FA9FFF5005F72DA /* PlaceResultsViewController.swift in Sources */,
				8EFEC00E1F8B9CEB00B2242E /* EventPhotoCell.swift in Sources */,
				8EB865FA208BE8440029079A /* PlayerLeaguesViewController.swift in Sources */,
				F2C0F1201CF3E8BB00CB98F1 /* EventsViewController.swift in Sources */,
				8E7A2FFE1F8329D8004EAE6A /* PromoCell.swift in Sources */,
				8E6AE5451F8E5DBA0062DCF5 /* PaymentViewModel.swift in Sources */,
				8EDD13E91FEB78C10039F1A7 /* ShareService.swift in Sources */,
				8EF7F9F520E339A30037962E /* LeaguePlayerCell.swift in Sources */,
				8E571A0320E25E2B003AB202 /* RAImageView.swift in Sources */,
				8E39FE8E1D237C710030CB96 /* NotificationService.swift in Sources */,
				8E9FED6E1FE0E5F600D983AE /* LocationSettingCell.swift in Sources */,
				8E49E7292100B847009F1B5D /* JoinEventHelper.swift in Sources */,
				8E7016D2207A9D0400A4C28C /* UpgradeService.swift in Sources */,
				8E54213E1E70CEF100AE4F3A /* ChatInputViewController.swift in Sources */,
				C6B7412720FAD88B00B0FA00 /* JoinLeagueCell.swift in Sources */,
				8E17907C207B043F004FF5D2 /* PlayerCell.swift in Sources */,
				F2F7C3C01CEE296A00350115 /* AccountViewController.swift in Sources */,
				8EC799271E35AA02004ACC52 /* MapViewController.swift in Sources */,
				F2048F7E1CED59A50039F7BB /* CalendarViewController.swift in Sources */,
				8E19A4AE1E6C9CB300D301EC /* EventActivityViewController.swift in Sources */,
				F250A7FC1CFF1588003A7DEA /* TransparentTextField.swift in Sources */,
				F2F7C3BD1CEE11B300350115 /* CreateEventViewController.swift in Sources */,
				8E19A4A21E6C658600D301EC /* String+Utils.swift in Sources */,
				F2048F7C1CED57170039F7BB /* EventCell.swift in Sources */,
				8E116D581F74A66C0067B6F5 /* StripeService.swift in Sources */,
				8E7A2FFC1F83256E004EAE6A /* Promotion.swift in Sources */,
				8EBABEBB211616A2009DD867 /* FacebookService.swift in Sources */,
				C651AB8D2096D82E0046B03C /* LeaguesViewController.swift in Sources */,
				8ECD58E51CDFB7F500AD2B13 /* UIViewController+Utils.swift in Sources */,
				8E7A2FF81F8313C6004EAE6A /* OrganizerService.swift in Sources */,
				8EF167F9208BEE4A00257354 /* LeagueIcon.swift in Sources */,
				8ECD58E71CDFBF6B00AD2B13 /* Constants.swift in Sources */,
				8EF25BC51E88161A0079E90B /* ToggleCell.swift in Sources */,
				8E48AF7E20DFDA0C00D814BE /* LeagueTitleCell.swift in Sources */,
				8E19A4AA1E6C9C7500D301EC /* ExpandableMapViewController.swift in Sources */,
				8EF167F7208BEBA200257354 /* FirebaseModelIcon.swift in Sources */,
				8E48AF8620DFEE9700D814BE /* PlayersScrollView.swift in Sources */,
				8E1B00561FC2E8FF00420256 /* TutorialButtonViewModel.swift in Sources */,
				8ED897562109FA5C0062D345 /* ActivityIndicatorOverlay.swift in Sources */,
				8E4D36721F8BA45900B8B0B5 /* NSObject+Utils.swift in Sources */,
				8E19A49C1E6C61BA00D301EC /* PlayerInfoViewController.swift in Sources */,
				8E7CABFE1F8D8B8D0095084D /* PaymentCell.swift in Sources */,
				8E48AF8020DFDE1700D814BE /* LeagueTagsCell.swift in Sources */,
				8EC2EFEB1F60D6F90081FF68 /* UIDatePickerHelper.swift in Sources */,
				8E11E42A1E31B07900DB4B27 /* SplashViewController.swift in Sources */,
				8EDD97A320E915B100D9A1A2 /* EventLeagueSelectorViewController.swift in Sources */,
			);
			runOnlyForDeploymentPostprocessing = 0;
		};
/* End PBXSourcesBuildPhase section */

/* Begin PBXTargetDependency section */
		8E1F3CC31F8B9A95005186AD /* PBXTargetDependency */ = {
			isa = PBXTargetDependency;
			target = 8E7256951CDF793100C9E054 /* Panna */;
			targetProxy = 8E1F3CC21F8B9A95005186AD /* PBXContainerItemProxy */;
		};
/* End PBXTargetDependency section */

/* Begin PBXVariantGroup section */
		8E72569D1CDF793200C9E054 /* LoginSignup.storyboard */ = {
			isa = PBXVariantGroup;
			children = (
				8E72569E1CDF793200C9E054 /* Base */,
			);
			name = LoginSignup.storyboard;
			sourceTree = "<group>";
		};
/* End PBXVariantGroup section */

/* Begin XCBuildConfiguration section */
		8E1F3CC41F8B9A95005186AD /* Debug */ = {
			isa = XCBuildConfiguration;
			baseConfigurationReference = 94979895EDCB6BB23785280B /* Pods-PannaTests.debug.xcconfig */;
			buildSettings = {
				BUNDLE_LOADER = "$(TEST_HOST)";
				CLANG_ANALYZER_NUMBER_OBJECT_CONVERSION = YES_AGGRESSIVE;
				CLANG_CXX_LANGUAGE_STANDARD = "gnu++14";
				CLANG_WARN_BLOCK_CAPTURE_AUTORELEASING = YES;
				CLANG_WARN_COMMA = YES;
				CLANG_WARN_DOCUMENTATION_COMMENTS = YES;
				CLANG_WARN_INFINITE_RECURSION = YES;
				CLANG_WARN_NON_LITERAL_NULL_CONVERSION = YES;
				CLANG_WARN_OBJC_LITERAL_CONVERSION = YES;
				CLANG_WARN_RANGE_LOOP_ANALYSIS = YES;
				CLANG_WARN_STRICT_PROTOTYPES = YES;
				CLANG_WARN_SUSPICIOUS_MOVE = YES;
				CLANG_WARN_UNGUARDED_AVAILABILITY = YES_AGGRESSIVE;
				CODE_SIGN_IDENTITY = "iPhone Developer";
				CODE_SIGN_STYLE = Automatic;
				DEVELOPMENT_TEAM = H799H8B8DD;
				GCC_C_LANGUAGE_STANDARD = gnu11;
				INFOPLIST_FILE = BalizinhaTests/Info.plist;
				IPHONEOS_DEPLOYMENT_TARGET = 11.0;
				LD_RUNPATH_SEARCH_PATHS = "$(inherited) @executable_path/Frameworks @loader_path/Frameworks";
				PRODUCT_BUNDLE_IDENTIFIER = io.renderapps.balizinha.BalizinhaTests;
				PRODUCT_NAME = "$(TARGET_NAME)";
				SWIFT_ACTIVE_COMPILATION_CONDITIONS = DEBUG;
				SWIFT_VERSION = 4.0;
				TARGETED_DEVICE_FAMILY = "1,2";
				TEST_HOST = "$(BUILT_PRODUCTS_DIR)/Panna.app/Panna";
			};
			name = Debug;
		};
		8E1F3CC51F8B9A95005186AD /* Release */ = {
			isa = XCBuildConfiguration;
			baseConfigurationReference = FEB029C312810BD330360991 /* Pods-PannaTests.release.xcconfig */;
			buildSettings = {
				BUNDLE_LOADER = "$(TEST_HOST)";
				CLANG_ANALYZER_NUMBER_OBJECT_CONVERSION = YES_AGGRESSIVE;
				CLANG_CXX_LANGUAGE_STANDARD = "gnu++14";
				CLANG_WARN_BLOCK_CAPTURE_AUTORELEASING = YES;
				CLANG_WARN_COMMA = YES;
				CLANG_WARN_DOCUMENTATION_COMMENTS = YES;
				CLANG_WARN_INFINITE_RECURSION = YES;
				CLANG_WARN_NON_LITERAL_NULL_CONVERSION = YES;
				CLANG_WARN_OBJC_LITERAL_CONVERSION = YES;
				CLANG_WARN_RANGE_LOOP_ANALYSIS = YES;
				CLANG_WARN_STRICT_PROTOTYPES = YES;
				CLANG_WARN_SUSPICIOUS_MOVE = YES;
				CLANG_WARN_UNGUARDED_AVAILABILITY = YES_AGGRESSIVE;
				CODE_SIGN_IDENTITY = "iPhone Developer";
				CODE_SIGN_STYLE = Automatic;
				DEVELOPMENT_TEAM = H799H8B8DD;
				GCC_C_LANGUAGE_STANDARD = gnu11;
				INFOPLIST_FILE = BalizinhaTests/Info.plist;
				IPHONEOS_DEPLOYMENT_TARGET = 11.0;
				LD_RUNPATH_SEARCH_PATHS = "$(inherited) @executable_path/Frameworks @loader_path/Frameworks";
				PRODUCT_BUNDLE_IDENTIFIER = io.renderapps.balizinha.BalizinhaTests;
				PRODUCT_NAME = "$(TARGET_NAME)";
				SWIFT_OPTIMIZATION_LEVEL = "-Owholemodule";
				SWIFT_VERSION = 4.0;
				TARGETED_DEVICE_FAMILY = "1,2";
				TEST_HOST = "$(BUILT_PRODUCTS_DIR)/Panna.app/Panna";
			};
			name = Release;
		};
		8E7256A61CDF793200C9E054 /* Debug */ = {
			isa = XCBuildConfiguration;
			buildSettings = {
				ALWAYS_SEARCH_USER_PATHS = NO;
				CLANG_ANALYZER_NONNULL = YES;
				CLANG_CXX_LANGUAGE_STANDARD = "gnu++0x";
				CLANG_CXX_LIBRARY = "libc++";
				CLANG_ENABLE_MODULES = YES;
				CLANG_ENABLE_OBJC_ARC = YES;
				CLANG_WARN_BLOCK_CAPTURE_AUTORELEASING = YES;
				CLANG_WARN_BOOL_CONVERSION = YES;
				CLANG_WARN_COMMA = YES;
				CLANG_WARN_CONSTANT_CONVERSION = YES;
				CLANG_WARN_DEPRECATED_OBJC_IMPLEMENTATIONS = YES;
				CLANG_WARN_DIRECT_OBJC_ISA_USAGE = YES_ERROR;
				CLANG_WARN_EMPTY_BODY = YES;
				CLANG_WARN_ENUM_CONVERSION = YES;
				CLANG_WARN_INFINITE_RECURSION = YES;
				CLANG_WARN_INT_CONVERSION = YES;
				CLANG_WARN_NON_LITERAL_NULL_CONVERSION = YES;
				CLANG_WARN_OBJC_IMPLICIT_RETAIN_SELF = YES;
				CLANG_WARN_OBJC_LITERAL_CONVERSION = YES;
				CLANG_WARN_OBJC_ROOT_CLASS = YES_ERROR;
				CLANG_WARN_RANGE_LOOP_ANALYSIS = YES;
				CLANG_WARN_STRICT_PROTOTYPES = YES;
				CLANG_WARN_SUSPICIOUS_MOVE = YES;
				CLANG_WARN_UNREACHABLE_CODE = YES;
				CLANG_WARN__DUPLICATE_METHOD_MATCH = YES;
				"CODE_SIGN_IDENTITY[sdk=iphoneos*]" = "iPhone Developer";
				COPY_PHASE_STRIP = NO;
				DEBUG_INFORMATION_FORMAT = dwarf;
				ENABLE_STRICT_OBJC_MSGSEND = YES;
				ENABLE_TESTABILITY = YES;
				GCC_C_LANGUAGE_STANDARD = gnu99;
				GCC_DYNAMIC_NO_PIC = NO;
				GCC_NO_COMMON_BLOCKS = YES;
				GCC_OPTIMIZATION_LEVEL = 0;
				GCC_PREPROCESSOR_DEFINITIONS = (
					"DEBUG=1",
					"$(inherited)",
				);
				GCC_WARN_64_TO_32_BIT_CONVERSION = YES;
				GCC_WARN_ABOUT_RETURN_TYPE = YES_ERROR;
				GCC_WARN_UNDECLARED_SELECTOR = YES;
				GCC_WARN_UNINITIALIZED_AUTOS = YES_AGGRESSIVE;
				GCC_WARN_UNUSED_FUNCTION = YES;
				GCC_WARN_UNUSED_VARIABLE = YES;
				IPHONEOS_DEPLOYMENT_TARGET = 9.3;
				MTL_ENABLE_DEBUG_INFO = YES;
				ONLY_ACTIVE_ARCH = YES;
				SDKROOT = iphoneos;
				SWIFT_OPTIMIZATION_LEVEL = "-Onone";
				TARGETED_DEVICE_FAMILY = "1,2";
			};
			name = Debug;
		};
		8E7256A71CDF793200C9E054 /* Release */ = {
			isa = XCBuildConfiguration;
			buildSettings = {
				ALWAYS_SEARCH_USER_PATHS = NO;
				CLANG_ANALYZER_NONNULL = YES;
				CLANG_CXX_LANGUAGE_STANDARD = "gnu++0x";
				CLANG_CXX_LIBRARY = "libc++";
				CLANG_ENABLE_MODULES = YES;
				CLANG_ENABLE_OBJC_ARC = YES;
				CLANG_WARN_BLOCK_CAPTURE_AUTORELEASING = YES;
				CLANG_WARN_BOOL_CONVERSION = YES;
				CLANG_WARN_COMMA = YES;
				CLANG_WARN_CONSTANT_CONVERSION = YES;
				CLANG_WARN_DEPRECATED_OBJC_IMPLEMENTATIONS = YES;
				CLANG_WARN_DIRECT_OBJC_ISA_USAGE = YES_ERROR;
				CLANG_WARN_EMPTY_BODY = YES;
				CLANG_WARN_ENUM_CONVERSION = YES;
				CLANG_WARN_INFINITE_RECURSION = YES;
				CLANG_WARN_INT_CONVERSION = YES;
				CLANG_WARN_NON_LITERAL_NULL_CONVERSION = YES;
				CLANG_WARN_OBJC_IMPLICIT_RETAIN_SELF = YES;
				CLANG_WARN_OBJC_LITERAL_CONVERSION = YES;
				CLANG_WARN_OBJC_ROOT_CLASS = YES_ERROR;
				CLANG_WARN_RANGE_LOOP_ANALYSIS = YES;
				CLANG_WARN_STRICT_PROTOTYPES = YES;
				CLANG_WARN_SUSPICIOUS_MOVE = YES;
				CLANG_WARN_UNREACHABLE_CODE = YES;
				CLANG_WARN__DUPLICATE_METHOD_MATCH = YES;
				"CODE_SIGN_IDENTITY[sdk=iphoneos*]" = "iPhone Developer";
				COPY_PHASE_STRIP = NO;
				DEBUG_INFORMATION_FORMAT = "dwarf-with-dsym";
				ENABLE_NS_ASSERTIONS = NO;
				ENABLE_STRICT_OBJC_MSGSEND = YES;
				GCC_C_LANGUAGE_STANDARD = gnu99;
				GCC_NO_COMMON_BLOCKS = YES;
				GCC_WARN_64_TO_32_BIT_CONVERSION = YES;
				GCC_WARN_ABOUT_RETURN_TYPE = YES_ERROR;
				GCC_WARN_UNDECLARED_SELECTOR = YES;
				GCC_WARN_UNINITIALIZED_AUTOS = YES_AGGRESSIVE;
				GCC_WARN_UNUSED_FUNCTION = YES;
				GCC_WARN_UNUSED_VARIABLE = YES;
				IPHONEOS_DEPLOYMENT_TARGET = 9.3;
				MTL_ENABLE_DEBUG_INFO = NO;
				SDKROOT = iphoneos;
				SWIFT_OPTIMIZATION_LEVEL = "-Owholemodule";
				TARGETED_DEVICE_FAMILY = "1,2";
				VALIDATE_PRODUCT = YES;
			};
			name = Release;
		};
		8E7256A91CDF793200C9E054 /* Debug */ = {
			isa = XCBuildConfiguration;
			baseConfigurationReference = 3036416C96F302F53056AE96 /* Pods-Panna.debug.xcconfig */;
			buildSettings = {
				ASSETCATALOG_COMPILER_APPICON_NAME = AppIcon;
				CLANG_ENABLE_MODULES = YES;
				CODE_SIGN_ENTITLEMENTS = Balizinha/Balizinha.entitlements;
				CODE_SIGN_IDENTITY = "iPhone Developer";
				"CODE_SIGN_IDENTITY[sdk=iphoneos*]" = "iPhone Developer";
				CODE_SIGN_STYLE = Automatic;
				DEBUG_INFORMATION_FORMAT = "dwarf-with-dsym";
				DEVELOPMENT_TEAM = H799H8B8DD;
				INFOPLIST_FILE = Balizinha/Info.plist;
				IPHONEOS_DEPLOYMENT_TARGET = 10.0;
				LD_RUNPATH_SEARCH_PATHS = "$(inherited) @executable_path/Frameworks";
				PRODUCT_BUNDLE_IDENTIFIER = io.renderapps.balizinha;
				PRODUCT_NAME = "$(TARGET_NAME)";
				PROVISIONING_PROFILE = "";
				PROVISIONING_PROFILE_SPECIFIER = "";
				SWIFT_OBJC_BRIDGING_HEADER = "Balizinha/Balizinha-Bridging-Header.h";
				SWIFT_OPTIMIZATION_LEVEL = "-Onone";
				SWIFT_SWIFT3_OBJC_INFERENCE = On;
				SWIFT_VERSION = 4.0;
				TARGETED_DEVICE_FAMILY = "1,2";
			};
			name = Debug;
		};
		8E7256AA1CDF793200C9E054 /* Release */ = {
			isa = XCBuildConfiguration;
			baseConfigurationReference = 6DA134C2A34195C7956CE667 /* Pods-Panna.release.xcconfig */;
			buildSettings = {
				ASSETCATALOG_COMPILER_APPICON_NAME = AppIcon;
				CLANG_ENABLE_MODULES = YES;
				CODE_SIGN_ENTITLEMENTS = Balizinha/Balizinha.entitlements;
				CODE_SIGN_IDENTITY = "iPhone Developer";
				"CODE_SIGN_IDENTITY[sdk=iphoneos*]" = "iPhone Developer";
				CODE_SIGN_STYLE = Automatic;
				DEVELOPMENT_TEAM = H799H8B8DD;
				INFOPLIST_FILE = Balizinha/Info.plist;
				IPHONEOS_DEPLOYMENT_TARGET = 10.0;
				LD_RUNPATH_SEARCH_PATHS = "$(inherited) @executable_path/Frameworks";
				PRODUCT_BUNDLE_IDENTIFIER = io.renderapps.balizinha;
				PRODUCT_NAME = "$(TARGET_NAME)";
				PROVISIONING_PROFILE = "";
				PROVISIONING_PROFILE_SPECIFIER = "";
				SWIFT_OBJC_BRIDGING_HEADER = "Balizinha/Balizinha-Bridging-Header.h";
				SWIFT_SWIFT3_OBJC_INFERENCE = On;
				SWIFT_VERSION = 4.0;
				TARGETED_DEVICE_FAMILY = "1,2";
			};
			name = Release;
		};
/* End XCBuildConfiguration section */

/* Begin XCConfigurationList section */
		8E1F3CC61F8B9A95005186AD /* Build configuration list for PBXNativeTarget "PannaTests" */ = {
			isa = XCConfigurationList;
			buildConfigurations = (
				8E1F3CC41F8B9A95005186AD /* Debug */,
				8E1F3CC51F8B9A95005186AD /* Release */,
			);
			defaultConfigurationIsVisible = 0;
			defaultConfigurationName = Release;
		};
		8E7256911CDF793100C9E054 /* Build configuration list for PBXProject "Panna" */ = {
			isa = XCConfigurationList;
			buildConfigurations = (
				8E7256A61CDF793200C9E054 /* Debug */,
				8E7256A71CDF793200C9E054 /* Release */,
			);
			defaultConfigurationIsVisible = 0;
			defaultConfigurationName = Release;
		};
		8E7256A81CDF793200C9E054 /* Build configuration list for PBXNativeTarget "Panna" */ = {
			isa = XCConfigurationList;
			buildConfigurations = (
				8E7256A91CDF793200C9E054 /* Debug */,
				8E7256AA1CDF793200C9E054 /* Release */,
			);
			defaultConfigurationIsVisible = 0;
			defaultConfigurationName = Release;
		};
/* End XCConfigurationList section */
	};
	rootObject = 8E72568E1CDF793100C9E054 /* Project object */;
}
