// !$*UTF8*$!
{
	archiveVersion = 1;
	classes = {
	};
	objectVersion = 46;
	objects = {

/* Begin PBXBuildFile section */
		8E72569A1CDF793200C9E054 /* AppDelegate.swift in Sources */ = {isa = PBXBuildFile; fileRef = 8E7256991CDF793200C9E054 /* AppDelegate.swift */; };
		8E72569C1CDF793200C9E054 /* ViewController.swift in Sources */ = {isa = PBXBuildFile; fileRef = 8E72569B1CDF793200C9E054 /* ViewController.swift */; };
		8E72569F1CDF793200C9E054 /* Main.storyboard in Resources */ = {isa = PBXBuildFile; fileRef = 8E72569D1CDF793200C9E054 /* Main.storyboard */; };
		8E7256A11CDF793200C9E054 /* Assets.xcassets in Resources */ = {isa = PBXBuildFile; fileRef = 8E7256A01CDF793200C9E054 /* Assets.xcassets */; };
		8E7256A41CDF793200C9E054 /* LaunchScreen.storyboard in Resources */ = {isa = PBXBuildFile; fileRef = 8E7256A21CDF793200C9E054 /* LaunchScreen.storyboard */; };
/* End PBXBuildFile section */

/* Begin PBXFileReference section */
		8E7256961CDF793100C9E054 /* LotSportz.app */ = {isa = PBXFileReference; explicitFileType = wrapper.application; includeInIndex = 0; path = LotSportz.app; sourceTree = BUILT_PRODUCTS_DIR; };
		8E7256991CDF793200C9E054 /* AppDelegate.swift */ = {isa = PBXFileReference; lastKnownFileType = sourcecode.swift; path = AppDelegate.swift; sourceTree = "<group>"; };
		8E72569B1CDF793200C9E054 /* ViewController.swift */ = {isa = PBXFileReference; lastKnownFileType = sourcecode.swift; path = ViewController.swift; sourceTree = "<group>"; };
		8E72569E1CDF793200C9E054 /* Base */ = {isa = PBXFileReference; lastKnownFileType = file.storyboard; name = Base; path = Base.lproj/Main.storyboard; sourceTree = "<group>"; };
		8E7256A01CDF793200C9E054 /* Assets.xcassets */ = {isa = PBXFileReference; lastKnownFileType = folder.assetcatalog; path = Assets.xcassets; sourceTree = "<group>"; };
		8E7256A31CDF793200C9E054 /* Base */ = {isa = PBXFileReference; lastKnownFileType = file.storyboard; name = Base; path = Base.lproj/LaunchScreen.storyboard; sourceTree = "<group>"; };
		8E7256A51CDF793200C9E054 /* Info.plist */ = {isa = PBXFileReference; lastKnownFileType = text.plist.xml; path = Info.plist; sourceTree = "<group>"; };
/* End PBXFileReference section */

/* Begin PBXFrameworksBuildPhase section */
		8E7256931CDF793100C9E054 /* Frameworks */ = {
			isa = PBXFrameworksBuildPhase;
			buildActionMask = 2147483647;
			files = (
			);
			runOnlyForDeploymentPostprocessing = 0;
		};
/* End PBXFrameworksBuildPhase section */

/* Begin PBXGroup section */
		8E72568D1CDF793100C9E054 = {
			isa = PBXGroup;
			children = (
				8E7256981CDF793200C9E054 /* LotSportz */,
				8E7256971CDF793100C9E054 /* Products */,
			);
			sourceTree = "<group>";
		};
		8E7256971CDF793100C9E054 /* Products */ = {
			isa = PBXGroup;
			children = (
				8E7256961CDF793100C9E054 /* LotSportz.app */,
			);
			name = Products;
			sourceTree = "<group>";
		};
		8E7256981CDF793200C9E054 /* LotSportz */ = {
			isa = PBXGroup;
			children = (
				8E7256991CDF793200C9E054 /* AppDelegate.swift */,
				8E72569B1CDF793200C9E054 /* ViewController.swift */,
				8E72569D1CDF793200C9E054 /* Main.storyboard */,
				8E7256A01CDF793200C9E054 /* Assets.xcassets */,
				8E7256A21CDF793200C9E054 /* LaunchScreen.storyboard */,
				8E7256A51CDF793200C9E054 /* Info.plist */,
			);
			path = LotSportz;
			sourceTree = "<group>";
		};
/* End PBXGroup section */

/* Begin PBXNativeTarget section */
		8E7256951CDF793100C9E054 /* LotSportz */ = {
			isa = PBXNativeTarget;
			buildConfigurationList = 8E7256A81CDF793200C9E054 /* Build configuration list for PBXNativeTarget "LotSportz" */;
			buildPhases = (
				8E7256921CDF793100C9E054 /* Sources */,
				8E7256931CDF793100C9E054 /* Frameworks */,
				8E7256941CDF793100C9E054 /* Resources */,
			);
			buildRules = (
			);
			dependencies = (
			);
			name = LotSportz;
			productName = LotSportz;
			productReference = 8E7256961CDF793100C9E054 /* LotSportz.app */;
			productType = "com.apple.product-type.application";
		};
/* End PBXNativeTarget section */

/* Begin PBXProject section */
		8E72568E1CDF793100C9E054 /* Project object */ = {
			isa = PBXProject;
			attributes = {
				LastSwiftUpdateCheck = 0730;
				LastUpgradeCheck = 0730;
				ORGANIZATIONNAME = "Bobby Ren";
				TargetAttributes = {
					8E7256951CDF793100C9E054 = {
						CreatedOnToolsVersion = 7.3.1;
						DevelopmentTeam = H799H8B8DD;
					};
				};
			};
			buildConfigurationList = 8E7256911CDF793100C9E054 /* Build configuration list for PBXProject "LotSportz" */;
			compatibilityVersion = "Xcode 3.2";
			developmentRegion = English;
			hasScannedForEncodings = 0;
			knownRegions = (
				en,
				Base,
			);
			mainGroup = 8E72568D1CDF793100C9E054;
			productRefGroup = 8E7256971CDF793100C9E054 /* Products */;
			projectDirPath = "";
			projectRoot = "";
			targets = (
				8E7256951CDF793100C9E054 /* LotSportz */,
			);
		};
/* End PBXProject section */

/* Begin PBXResourcesBuildPhase section */
		8E7256941CDF793100C9E054 /* Resources */ = {
			isa = PBXResourcesBuildPhase;
			buildActionMask = 2147483647;
			files = (
				8E7256A41CDF793200C9E054 /* LaunchScreen.storyboard in Resources */,
				8E7256A11CDF793200C9E054 /* Assets.xcassets in Resources */,
				8E72569F1CDF793200C9E054 /* Main.storyboard in Resources */,
			);
			runOnlyForDeploymentPostprocessing = 0;
		};
/* End PBXResourcesBuildPhase section */

/* Begin PBXSourcesBuildPhase section */
		8E7256921CDF793100C9E054 /* Sources */ = {
			isa = PBXSourcesBuildPhase;
			buildActionMask = 2147483647;
			files = (
				8E72569C1CDF793200C9E054 /* ViewController.swift in Sources */,
				8E72569A1CDF793200C9E054 /* AppDelegate.swift in Sources */,
			);
			runOnlyForDeploymentPostprocessing = 0;
		};
/* End PBXSourcesBuildPhase section */

/* Begin PBXVariantGroup section */
		8E72569D1CDF793200C9E054 /* Main.storyboard */ = {
			isa = PBXVariantGroup;
			children = (
				8E72569E1CDF793200C9E054 /* Base */,
			);
			name = Main.storyboard;
			sourceTree = "<group>";
		};
		8E7256A21CDF793200C9E054 /* LaunchScreen.storyboard */ = {
			isa = PBXVariantGroup;
			children = (
				8E7256A31CDF793200C9E054 /* Base */,
			);
			name = LaunchScreen.storyboard;
			sourceTree = "<group>";
		};
/* End PBXVariantGroup section */

/* Begin XCBuildConfiguration section */
		8E7256A61CDF793200C9E054 /* Debug */ = {
			isa = XCBuildConfiguration;
			buildSettings = {
				ALWAYS_SEARCH_USER_PATHS = NO;
				CLANG_ANALYZER_NONNULL = YES;
				CLANG_CXX_LANGUAGE_STANDARD = "gnu++0x";
				CLANG_CXX_LIBRARY = "libc++";
				CLANG_ENABLE_MODULES = YES;
				CLANG_ENABLE_OBJC_ARC = YES;
				CLANG_WARN_BOOL_CONVERSION = YES;
				CLANG_WARN_CONSTANT_CONVERSION = YES;
				CLANG_WARN_DIRECT_OBJC_ISA_USAGE = YES_ERROR;
				CLANG_WARN_EMPTY_BODY = YES;
				CLANG_WARN_ENUM_CONVERSION = YES;
				CLANG_WARN_INT_CONVERSION = YES;
				CLANG_WARN_OBJC_ROOT_CLASS = YES_ERROR;
				CLANG_WARN_UNREACHABLE_CODE = YES;
				CLANG_WARN__DUPLICATE_METHOD_MATCH = YES;
				"CODE_SIGN_IDENTITY[sdk=iphoneos*]" = "iPhone Developer";
				COPY_PHASE_STRIP = NO;
				DEBUG_INFORMATION_FORMAT = dwarf;
				ENABLE_STRICT_OBJC_MSGSEND = YES;
				ENABLE_TESTABILITY = YES;
				GCC_C_LANGUAGE_STANDARD = gnu99;
				GCC_DYNAMIC_NO_PIC = NO;
				GCC_NO_COMMON_BLOCKS = YES;
				GCC_OPTIMIZATION_LEVEL = 0;
				GCC_PREPROCESSOR_DEFINITIONS = (
					"DEBUG=1",
					"$(inherited)",
				);
				GCC_WARN_64_TO_32_BIT_CONVERSION = YES;
				GCC_WARN_ABOUT_RETURN_TYPE = YES_ERROR;
				GCC_WARN_UNDECLARED_SELECTOR = YES;
				GCC_WARN_UNINITIALIZED_AUTOS = YES_AGGRESSIVE;
				GCC_WARN_UNUSED_FUNCTION = YES;
				GCC_WARN_UNUSED_VARIABLE = YES;
				IPHONEOS_DEPLOYMENT_TARGET = 9.3;
				MTL_ENABLE_DEBUG_INFO = YES;
				ONLY_ACTIVE_ARCH = YES;
				SDKROOT = iphoneos;
				SWIFT_OPTIMIZATION_LEVEL = "-Onone";
				TARGETED_DEVICE_FAMILY = "1,2";
			};
			name = Debug;
		};
		8E7256A71CDF793200C9E054 /* Release */ = {
			isa = XCBuildConfiguration;
			buildSettings = {
				ALWAYS_SEARCH_USER_PATHS = NO;
				CLANG_ANALYZER_NONNULL = YES;
				CLANG_CXX_LANGUAGE_STANDARD = "gnu++0x";
				CLANG_CXX_LIBRARY = "libc++";
				CLANG_ENABLE_MODULES = YES;
				CLANG_ENABLE_OBJC_ARC = YES;
				CLANG_WARN_BOOL_CONVERSION = YES;
				CLANG_WARN_CONSTANT_CONVERSION = YES;
				CLANG_WARN_DIRECT_OBJC_ISA_USAGE = YES_ERROR;
				CLANG_WARN_EMPTY_BODY = YES;
				CLANG_WARN_ENUM_CONVERSION = YES;
				CLANG_WARN_INT_CONVERSION = YES;
				CLANG_WARN_OBJC_ROOT_CLASS = YES_ERROR;
				CLANG_WARN_UNREACHABLE_CODE = YES;
				CLANG_WARN__DUPLICATE_METHOD_MATCH = YES;
				"CODE_SIGN_IDENTITY[sdk=iphoneos*]" = "iPhone Developer";
				COPY_PHASE_STRIP = NO;
				DEBUG_INFORMATION_FORMAT = "dwarf-with-dsym";
				ENABLE_NS_ASSERTIONS = NO;
				ENABLE_STRICT_OBJC_MSGSEND = YES;
				GCC_C_LANGUAGE_STANDARD = gnu99;
				GCC_NO_COMMON_BLOCKS = YES;
				GCC_WARN_64_TO_32_BIT_CONVERSION = YES;
				GCC_WARN_ABOUT_RETURN_TYPE = YES_ERROR;
				GCC_WARN_UNDECLARED_SELECTOR = YES;
				GCC_WARN_UNINITIALIZED_AUTOS = YES_AGGRESSIVE;
				GCC_WARN_UNUSED_FUNCTION = YES;
				GCC_WARN_UNUSED_VARIABLE = YES;
				IPHONEOS_DEPLOYMENT_TARGET = 9.3;
				MTL_ENABLE_DEBUG_INFO = NO;
				SDKROOT = iphoneos;
				TARGETED_DEVICE_FAMILY = "1,2";
				VALIDATE_PRODUCT = YES;
			};
			name = Release;
		};
		8E7256A91CDF793200C9E054 /* Debug */ = {
			isa = XCBuildConfiguration;
			buildSettings = {
				ASSETCATALOG_COMPILER_APPICON_NAME = AppIcon;
				CODE_SIGN_IDENTITY = "iPhone Developer";
				INFOPLIST_FILE = LotSportz/Info.plist;
				IPHONEOS_DEPLOYMENT_TARGET = 8.0;
				LD_RUNPATH_SEARCH_PATHS = "$(inherited) @executable_path/Frameworks";
				PRODUCT_BUNDLE_IDENTIFIER = io.renderapps.lotsportz;
				PRODUCT_NAME = "$(TARGET_NAME)";
				TARGETED_DEVICE_FAMILY = 1;
			};
			name = Debug;
		};
		8E7256AA1CDF793200C9E054 /* Release */ = {
			isa = XCBuildConfiguration;
			buildSettings = {
				ASSETCATALOG_COMPILER_APPICON_NAME = AppIcon;
				CODE_SIGN_IDENTITY = "iPhone Developer";
				INFOPLIST_FILE = LotSportz/Info.plist;
				IPHONEOS_DEPLOYMENT_TARGET = 8.0;
				LD_RUNPATH_SEARCH_PATHS = "$(inherited) @executable_path/Frameworks";
				PRODUCT_BUNDLE_IDENTIFIER = io.renderapps.lotsportz;
				PRODUCT_NAME = "$(TARGET_NAME)";
				TARGETED_DEVICE_FAMILY = 1;
			};
			name = Release;
		};
/* End XCBuildConfiguration section */

/* Begin XCConfigurationList section */
		8E7256911CDF793100C9E054 /* Build configuration list for PBXProject "LotSportz" */ = {
			isa = XCConfigurationList;
			buildConfigurations = (
				8E7256A61CDF793200C9E054 /* Debug */,
				8E7256A71CDF793200C9E054 /* Release */,
			);
			defaultConfigurationIsVisible = 0;
			defaultConfigurationName = Release;
		};
		8E7256A81CDF793200C9E054 /* Build configuration list for PBXNativeTarget "LotSportz" */ = {
			isa = XCConfigurationList;
			buildConfigurations = (
				8E7256A91CDF793200C9E054 /* Debug */,
				8E7256AA1CDF793200C9E054 /* Release */,
			);
			defaultConfigurationIsVisible = 0;
		};
/* End XCConfigurationList section */
	};
	rootObject = 8E72568E1CDF793100C9E054 /* Project object */;
}
